// !$*UTF8*$!
{
	archiveVersion = 1;
	classes = {
	};
	objectVersion = 50;
	objects = {

/* Begin PBXBuildFile section */
		1A42E91A25BC90D6006BB177 /* Interfaces.cpp in Sources */ = {isa = PBXBuildFile; fileRef = 1A42E91825BC90D6006BB177 /* Interfaces.cpp */; };
		1A42E91B25BC90D6006BB177 /* Interfaces.hpp in Headers */ = {isa = PBXBuildFile; fileRef = 1A42E91925BC90D6006BB177 /* Interfaces.hpp */; };
		1A42E93D25BC9C91006BB177 /* Offsets.cpp in Sources */ = {isa = PBXBuildFile; fileRef = 1A42E93B25BC9C91006BB177 /* Offsets.cpp */; };
		1A42E93E25BC9C91006BB177 /* Offsets.hpp in Headers */ = {isa = PBXBuildFile; fileRef = 1A42E93C25BC9C91006BB177 /* Offsets.hpp */; };
		1A42E94225BC9D07006BB177 /* NetVarManager.cpp in Sources */ = {isa = PBXBuildFile; fileRef = 1A42E94025BC9D07006BB177 /* NetVarManager.cpp */; };
		1A42E94325BC9D07006BB177 /* NetVarManager.hpp in Headers */ = {isa = PBXBuildFile; fileRef = 1A42E94125BC9D07006BB177 /* NetVarManager.hpp */; };
		1A42E94B25BCA3D6006BB177 /* ESP.cpp in Sources */ = {isa = PBXBuildFile; fileRef = 1A42E94925BCA3D6006BB177 /* ESP.cpp */; };
		1A471E23254A1CA400FFF49B /* ButOSX.hpp in Headers */ = {isa = PBXBuildFile; fileRef = 1A471E22254A1CA400FFF49B /* ButOSX.hpp */; };
		1A471E27254A1CA400FFF49B /* ButOSX.cpp in Sources */ = {isa = PBXBuildFile; fileRef = 1A471E26254A1CA400FFF49B /* ButOSX.cpp */; };
		1A471E38254A1D6000FFF49B /* imgui_draw.cpp in Sources */ = {isa = PBXBuildFile; fileRef = 1A471E2F254A1D6000FFF49B /* imgui_draw.cpp */; };
		1A471E39254A1D6000FFF49B /* imstb_textedit.h in Headers */ = {isa = PBXBuildFile; fileRef = 1A471E30254A1D6000FFF49B /* imstb_textedit.h */; };
		1A471E3A254A1D6000FFF49B /* imconfig.h in Headers */ = {isa = PBXBuildFile; fileRef = 1A471E31254A1D6000FFF49B /* imconfig.h */; };
		1A471E3B254A1D6000FFF49B /* imgui_widgets.cpp in Sources */ = {isa = PBXBuildFile; fileRef = 1A471E32254A1D6000FFF49B /* imgui_widgets.cpp */; };
		1A471E3C254A1D6000FFF49B /* imstb_truetype.h in Headers */ = {isa = PBXBuildFile; fileRef = 1A471E33254A1D6000FFF49B /* imstb_truetype.h */; };
		1A471E3D254A1D6000FFF49B /* imstb_rectpack.h in Headers */ = {isa = PBXBuildFile; fileRef = 1A471E34254A1D6000FFF49B /* imstb_rectpack.h */; };
		1A471E3E254A1D6000FFF49B /* imgui.h in Headers */ = {isa = PBXBuildFile; fileRef = 1A471E35254A1D6000FFF49B /* imgui.h */; };
		1A471E3F254A1D6000FFF49B /* imgui.cpp in Sources */ = {isa = PBXBuildFile; fileRef = 1A471E36254A1D6000FFF49B /* imgui.cpp */; };
		1A471E40254A1D6000FFF49B /* imgui_internal.h in Headers */ = {isa = PBXBuildFile; fileRef = 1A471E37254A1D6000FFF49B /* imgui_internal.h */; };
		1A471E48254A1EBD00FFF49B /* imgui_impl_opengl2.h in Headers */ = {isa = PBXBuildFile; fileRef = 1A471E43254A1EBC00FFF49B /* imgui_impl_opengl2.h */; };
		1A471E49254A1EBD00FFF49B /* imgui_impl_sdl.cpp in Sources */ = {isa = PBXBuildFile; fileRef = 1A471E44254A1EBC00FFF49B /* imgui_impl_sdl.cpp */; };
		1A471E4A254A1EBD00FFF49B /* imgui_impl_osx.h in Headers */ = {isa = PBXBuildFile; fileRef = 1A471E45254A1EBD00FFF49B /* imgui_impl_osx.h */; };
		1A471E4B254A1EBD00FFF49B /* imgui_impl_sdl.h in Headers */ = {isa = PBXBuildFile; fileRef = 1A471E46254A1EBD00FFF49B /* imgui_impl_sdl.h */; };
		1A471E4C254A1EBD00FFF49B /* imgui_impl_opengl2.cpp in Sources */ = {isa = PBXBuildFile; fileRef = 1A471E47254A1EBD00FFF49B /* imgui_impl_opengl2.cpp */; };
		1A471E4F254A1EF000FFF49B /* OpenGL.framework in Frameworks */ = {isa = PBXBuildFile; fileRef = 1A471E4E254A1EF000FFF49B /* OpenGL.framework */; };
		1A471E55254A1F3E00FFF49B /* OpenGLHooker.cpp in Sources */ = {isa = PBXBuildFile; fileRef = 1A471E53254A1F3E00FFF49B /* OpenGLHooker.cpp */; };
		1A471E56254A1F3E00FFF49B /* OpenGLHooker.hpp in Headers */ = {isa = PBXBuildFile; fileRef = 1A471E54254A1F3E00FFF49B /* OpenGLHooker.hpp */; };
		1A471E59254A201100FFF49B /* MainHooker.cpp in Sources */ = {isa = PBXBuildFile; fileRef = 1A471E57254A201100FFF49B /* MainHooker.cpp */; };
		1A471E5A254A201100FFF49B /* MainHooker.hpp in Headers */ = {isa = PBXBuildFile; fileRef = 1A471E58254A201100FFF49B /* MainHooker.hpp */; };
		1A471EB0254A256300FFF49B /* SDL_test_compare.h in Headers */ = {isa = PBXBuildFile; fileRef = 1A471E66254A255E00FFF49B /* SDL_test_compare.h */; };
		1A471EB1254A256300FFF49B /* SDL_rwops.h in Headers */ = {isa = PBXBuildFile; fileRef = 1A471E67254A255E00FFF49B /* SDL_rwops.h */; };
		1A471EB2254A256300FFF49B /* SDL_stdinc.h in Headers */ = {isa = PBXBuildFile; fileRef = 1A471E68254A255E00FFF49B /* SDL_stdinc.h */; };
		1A471EB3254A256300FFF49B /* SDL_clipboard.h in Headers */ = {isa = PBXBuildFile; fileRef = 1A471E69254A255E00FFF49B /* SDL_clipboard.h */; };
		1A471EB4254A256300FFF49B /* SDL_opengles2_khrplatform.h in Headers */ = {isa = PBXBuildFile; fileRef = 1A471E6A254A255E00FFF49B /* SDL_opengles2_khrplatform.h */; };
		1A471EB5254A256300FFF49B /* SDL_video.h in Headers */ = {isa = PBXBuildFile; fileRef = 1A471E6B254A255E00FFF49B /* SDL_video.h */; };
		1A471EB6254A256300FFF49B /* SDL_syswm.h in Headers */ = {isa = PBXBuildFile; fileRef = 1A471E6C254A255E00FFF49B /* SDL_syswm.h */; };
		1A471EB7254A256300FFF49B /* SDL_opengles2_gl2platform.h in Headers */ = {isa = PBXBuildFile; fileRef = 1A471E6D254A255E00FFF49B /* SDL_opengles2_gl2platform.h */; };
		1A471EB8254A256300FFF49B /* SDL_test_log.h in Headers */ = {isa = PBXBuildFile; fileRef = 1A471E6E254A255E00FFF49B /* SDL_test_log.h */; };
		1A471EB9254A256300FFF49B /* SDL_bits.h in Headers */ = {isa = PBXBuildFile; fileRef = 1A471E6F254A255F00FFF49B /* SDL_bits.h */; };
		1A471EBA254A256300FFF49B /* SDL_render.h in Headers */ = {isa = PBXBuildFile; fileRef = 1A471E70254A255F00FFF49B /* SDL_render.h */; };
		1A471EBB254A256300FFF49B /* SDL_blendmode.h in Headers */ = {isa = PBXBuildFile; fileRef = 1A471E71254A255F00FFF49B /* SDL_blendmode.h */; };
		1A471EBC254A256300FFF49B /* SDL_haptic.h in Headers */ = {isa = PBXBuildFile; fileRef = 1A471E72254A255F00FFF49B /* SDL_haptic.h */; };
		1A471EBD254A256300FFF49B /* SDL_vulkan.h in Headers */ = {isa = PBXBuildFile; fileRef = 1A471E73254A255F00FFF49B /* SDL_vulkan.h */; };
		1A471EBE254A256300FFF49B /* SDL_log.h in Headers */ = {isa = PBXBuildFile; fileRef = 1A471E74254A255F00FFF49B /* SDL_log.h */; };
		1A471EBF254A256300FFF49B /* SDL_keyboard.h in Headers */ = {isa = PBXBuildFile; fileRef = 1A471E75254A255F00FFF49B /* SDL_keyboard.h */; };
		1A471EC0254A256300FFF49B /* SDL_endian.h in Headers */ = {isa = PBXBuildFile; fileRef = 1A471E76254A255F00FFF49B /* SDL_endian.h */; };
		1A471EC1254A256300FFF49B /* SDL_gesture.h in Headers */ = {isa = PBXBuildFile; fileRef = 1A471E77254A255F00FFF49B /* SDL_gesture.h */; };
		1A471EC2254A256300FFF49B /* SDL_audio.h in Headers */ = {isa = PBXBuildFile; fileRef = 1A471E78254A255F00FFF49B /* SDL_audio.h */; };
		1A471EC3254A256300FFF49B /* SDL_filesystem.h in Headers */ = {isa = PBXBuildFile; fileRef = 1A471E79254A255F00FFF49B /* SDL_filesystem.h */; };
		1A471EC4254A256300FFF49B /* SDL_joystick.h in Headers */ = {isa = PBXBuildFile; fileRef = 1A471E7A254A255F00FFF49B /* SDL_joystick.h */; };
		1A471EC5254A256300FFF49B /* SDL_opengles2_gl2ext.h in Headers */ = {isa = PBXBuildFile; fileRef = 1A471E7B254A255F00FFF49B /* SDL_opengles2_gl2ext.h */; };
		1A471EC6254A256300FFF49B /* SDL_rect.h in Headers */ = {isa = PBXBuildFile; fileRef = 1A471E7C254A255F00FFF49B /* SDL_rect.h */; };
		1A471EC7254A256300FFF49B /* SDL_cpuinfo.h in Headers */ = {isa = PBXBuildFile; fileRef = 1A471E7D254A255F00FFF49B /* SDL_cpuinfo.h */; };
		1A471EC8254A256300FFF49B /* SDL_pixels.h in Headers */ = {isa = PBXBuildFile; fileRef = 1A471E7E254A255F00FFF49B /* SDL_pixels.h */; };
		1A471EC9254A256300FFF49B /* SDL_test_images.h in Headers */ = {isa = PBXBuildFile; fileRef = 1A471E7F254A255F00FFF49B /* SDL_test_images.h */; };
		1A471ECA254A256300FFF49B /* SDL_scancode.h in Headers */ = {isa = PBXBuildFile; fileRef = 1A471E80254A256000FFF49B /* SDL_scancode.h */; };
		1A471ECB254A256300FFF49B /* SDL_sensor.h in Headers */ = {isa = PBXBuildFile; fileRef = 1A471E81254A256000FFF49B /* SDL_sensor.h */; };
		1A471ECC254A256300FFF49B /* SDL_revision.h in Headers */ = {isa = PBXBuildFile; fileRef = 1A471E82254A256000FFF49B /* SDL_revision.h */; };
		1A471ECD254A256300FFF49B /* SDL_system.h in Headers */ = {isa = PBXBuildFile; fileRef = 1A471E83254A256000FFF49B /* SDL_system.h */; };
		1A471ECE254A256300FFF49B /* SDL_metal.h in Headers */ = {isa = PBXBuildFile; fileRef = 1A471E84254A256000FFF49B /* SDL_metal.h */; };
		1A471ECF254A256300FFF49B /* SDL_opengles.h in Headers */ = {isa = PBXBuildFile; fileRef = 1A471E85254A256000FFF49B /* SDL_opengles.h */; };
		1A471ED0254A256300FFF49B /* SDL.h in Headers */ = {isa = PBXBuildFile; fileRef = 1A471E86254A256000FFF49B /* SDL.h */; };
		1A471ED1254A256300FFF49B /* SDL_opengles2_gl2.h in Headers */ = {isa = PBXBuildFile; fileRef = 1A471E87254A256000FFF49B /* SDL_opengles2_gl2.h */; };
		1A471ED2254A256300FFF49B /* SDL_opengl_glext.h in Headers */ = {isa = PBXBuildFile; fileRef = 1A471E88254A256000FFF49B /* SDL_opengl_glext.h */; };
		1A471ED3254A256300FFF49B /* SDL_config.h in Headers */ = {isa = PBXBuildFile; fileRef = 1A471E89254A256000FFF49B /* SDL_config.h */; };
		1A471ED4254A256300FFF49B /* SDL_test_font.h in Headers */ = {isa = PBXBuildFile; fileRef = 1A471E8A254A256000FFF49B /* SDL_test_font.h */; };
		1A471ED5254A256300FFF49B /* SDL_mouse.h in Headers */ = {isa = PBXBuildFile; fileRef = 1A471E8B254A256000FFF49B /* SDL_mouse.h */; };
		1A471ED6254A256300FFF49B /* close_code.h in Headers */ = {isa = PBXBuildFile; fileRef = 1A471E8C254A256000FFF49B /* close_code.h */; };
		1A471ED7254A256300FFF49B /* SDL_opengles2.h in Headers */ = {isa = PBXBuildFile; fileRef = 1A471E8D254A256100FFF49B /* SDL_opengles2.h */; };
		1A471ED8254A256300FFF49B /* SDL_mutex.h in Headers */ = {isa = PBXBuildFile; fileRef = 1A471E8E254A256100FFF49B /* SDL_mutex.h */; };
		1A471ED9254A256300FFF49B /* begin_code.h in Headers */ = {isa = PBXBuildFile; fileRef = 1A471E8F254A256100FFF49B /* begin_code.h */; };
		1A471EDA254A256300FFF49B /* SDL_keycode.h in Headers */ = {isa = PBXBuildFile; fileRef = 1A471E90254A256100FFF49B /* SDL_keycode.h */; };
		1A471EDB254A256300FFF49B /* SDL_name.h in Headers */ = {isa = PBXBuildFile; fileRef = 1A471E91254A256100FFF49B /* SDL_name.h */; };
		1A471EDC254A256300FFF49B /* SDL_test_fuzzer.h in Headers */ = {isa = PBXBuildFile; fileRef = 1A471E92254A256100FFF49B /* SDL_test_fuzzer.h */; };
		1A471EDD254A256300FFF49B /* SDL_main.h in Headers */ = {isa = PBXBuildFile; fileRef = 1A471E93254A256100FFF49B /* SDL_main.h */; };
		1A471EDE254A256300FFF49B /* SDL_test_md5.h in Headers */ = {isa = PBXBuildFile; fileRef = 1A471E94254A256100FFF49B /* SDL_test_md5.h */; };
		1A471EDF254A256300FFF49B /* SDL_test_crc32.h in Headers */ = {isa = PBXBuildFile; fileRef = 1A471E95254A256100FFF49B /* SDL_test_crc32.h */; };
		1A471EE0254A256300FFF49B /* SDL_thread.h in Headers */ = {isa = PBXBuildFile; fileRef = 1A471E96254A256100FFF49B /* SDL_thread.h */; };
		1A471EE1254A256300FFF49B /* SDL_touch.h in Headers */ = {isa = PBXBuildFile; fileRef = 1A471E97254A256100FFF49B /* SDL_touch.h */; };
		1A471EE2254A256300FFF49B /* SDL_opengl.h in Headers */ = {isa = PBXBuildFile; fileRef = 1A471E98254A256100FFF49B /* SDL_opengl.h */; };
		1A471EE3254A256300FFF49B /* SDL_assert.h in Headers */ = {isa = PBXBuildFile; fileRef = 1A471E99254A256100FFF49B /* SDL_assert.h */; };
		1A471EE4254A256300FFF49B /* SDL_messagebox.h in Headers */ = {isa = PBXBuildFile; fileRef = 1A471E9A254A256100FFF49B /* SDL_messagebox.h */; };
		1A471EE5254A256300FFF49B /* SDL_test_common.h in Headers */ = {isa = PBXBuildFile; fileRef = 1A471E9B254A256100FFF49B /* SDL_test_common.h */; };
		1A471EE6254A256300FFF49B /* SDL_gamecontroller.h in Headers */ = {isa = PBXBuildFile; fileRef = 1A471E9C254A256100FFF49B /* SDL_gamecontroller.h */; };
		1A471EE7254A256300FFF49B /* SDL_atomic.h in Headers */ = {isa = PBXBuildFile; fileRef = 1A471E9D254A256100FFF49B /* SDL_atomic.h */; };
		1A471EE8254A256300FFF49B /* SDL_shape.h in Headers */ = {isa = PBXBuildFile; fileRef = 1A471E9E254A256200FFF49B /* SDL_shape.h */; };
		1A471EE9254A256300FFF49B /* SDL_test_random.h in Headers */ = {isa = PBXBuildFile; fileRef = 1A471E9F254A256200FFF49B /* SDL_test_random.h */; };
		1A471EEA254A256300FFF49B /* SDL_loadso.h in Headers */ = {isa = PBXBuildFile; fileRef = 1A471EA0254A256200FFF49B /* SDL_loadso.h */; };
		1A471EEB254A256300FFF49B /* SDL_surface.h in Headers */ = {isa = PBXBuildFile; fileRef = 1A471EA1254A256200FFF49B /* SDL_surface.h */; };
		1A471EEC254A256300FFF49B /* SDL_timer.h in Headers */ = {isa = PBXBuildFile; fileRef = 1A471EA2254A256200FFF49B /* SDL_timer.h */; };
		1A471EED254A256300FFF49B /* SDL_types.h in Headers */ = {isa = PBXBuildFile; fileRef = 1A471EA3254A256200FFF49B /* SDL_types.h */; };
		1A471EEE254A256300FFF49B /* SDL_version.h in Headers */ = {isa = PBXBuildFile; fileRef = 1A471EA4254A256200FFF49B /* SDL_version.h */; };
		1A471EEF254A256300FFF49B /* SDL_egl.h in Headers */ = {isa = PBXBuildFile; fileRef = 1A471EA5254A256200FFF49B /* SDL_egl.h */; };
		1A471EF0254A256300FFF49B /* SDL_error.h in Headers */ = {isa = PBXBuildFile; fileRef = 1A471EA6254A256200FFF49B /* SDL_error.h */; };
		1A471EF1254A256300FFF49B /* SDL_test_assert.h in Headers */ = {isa = PBXBuildFile; fileRef = 1A471EA7254A256200FFF49B /* SDL_test_assert.h */; };
		1A471EF2254A256300FFF49B /* SDL_test_memory.h in Headers */ = {isa = PBXBuildFile; fileRef = 1A471EA8254A256200FFF49B /* SDL_test_memory.h */; };
		1A471EF3254A256300FFF49B /* SDL_platform.h in Headers */ = {isa = PBXBuildFile; fileRef = 1A471EA9254A256200FFF49B /* SDL_platform.h */; };
		1A471EF4254A256300FFF49B /* SDL_hints.h in Headers */ = {isa = PBXBuildFile; fileRef = 1A471EAA254A256200FFF49B /* SDL_hints.h */; };
		1A471EF5254A256300FFF49B /* SDL_test_harness.h in Headers */ = {isa = PBXBuildFile; fileRef = 1A471EAB254A256200FFF49B /* SDL_test_harness.h */; };
		1A471EF6254A256300FFF49B /* SDL_quit.h in Headers */ = {isa = PBXBuildFile; fileRef = 1A471EAC254A256200FFF49B /* SDL_quit.h */; };
		1A471EF7254A256300FFF49B /* SDL_test.h in Headers */ = {isa = PBXBuildFile; fileRef = 1A471EAD254A256200FFF49B /* SDL_test.h */; };
		1A471EF8254A256300FFF49B /* SDL_events.h in Headers */ = {isa = PBXBuildFile; fileRef = 1A471EAE254A256200FFF49B /* SDL_events.h */; };
		1A471EF9254A256300FFF49B /* SDL_power.h in Headers */ = {isa = PBXBuildFile; fileRef = 1A471EAF254A256300FFF49B /* SDL_power.h */; };
		1A471EFD254A265E00FFF49B /* Module.cpp in Sources */ = {isa = PBXBuildFile; fileRef = 1A471EFB254A265E00FFF49B /* Module.cpp */; };
		1A471EFE254A265E00FFF49B /* Module.hpp in Headers */ = {isa = PBXBuildFile; fileRef = 1A471EFC254A265E00FFF49B /* Module.hpp */; };
		1A471F01254A266D00FFF49B /* Helpers.cpp in Sources */ = {isa = PBXBuildFile; fileRef = 1A471EFF254A266D00FFF49B /* Helpers.cpp */; };
		1A471F02254A266D00FFF49B /* Helpers.hpp in Headers */ = {isa = PBXBuildFile; fileRef = 1A471F00254A266D00FFF49B /* Helpers.hpp */; };
		1A471F0B254B35E900FFF49B /* MenuRenderer.cpp in Sources */ = {isa = PBXBuildFile; fileRef = 1A471F09254B35E900FFF49B /* MenuRenderer.cpp */; };
		1A471F0C254B35E900FFF49B /* MenuRenderer.hpp in Headers */ = {isa = PBXBuildFile; fileRef = 1A471F0A254B35E900FFF49B /* MenuRenderer.hpp */; };
		1A518E5125C206980080F876 /* Others.cpp in Sources */ = {isa = PBXBuildFile; fileRef = 1A518E4F25C206980080F876 /* Others.cpp */; };
		1A518E5625C207150080F876 /* Visuals.cpp in Sources */ = {isa = PBXBuildFile; fileRef = 1A518E5425C207150080F876 /* Visuals.cpp */; };
		1A518E5725C207150080F876 /* Visuals.hpp in Headers */ = {isa = PBXBuildFile; fileRef = 1A518E5525C207150080F876 /* Visuals.hpp */; };
		1A7C475A254EE8D700A58870 /* GameHooker.cpp in Sources */ = {isa = PBXBuildFile; fileRef = 1A7C4758254EE8D700A58870 /* GameHooker.cpp */; };
		1A7C475B254EE8D700A58870 /* GameHooker.hpp in Headers */ = {isa = PBXBuildFile; fileRef = 1A7C4759254EE8D700A58870 /* GameHooker.hpp */; };
		1A7C4769254EEA4000A58870 /* Global.cpp in Sources */ = {isa = PBXBuildFile; fileRef = 1A7C4767254EEA4000A58870 /* Global.cpp */; };
		1A7C476A254EEA4000A58870 /* Global.hpp in Headers */ = {isa = PBXBuildFile; fileRef = 1A7C4768254EEA4000A58870 /* Global.hpp */; };
		1A7C47A2254EF0D100A58870 /* PatternScanner.cpp in Sources */ = {isa = PBXBuildFile; fileRef = 1A7C47A0254EF0D100A58870 /* PatternScanner.cpp */; };
		1A7C47A3254EF0D100A58870 /* PatternScanner.hpp in Headers */ = {isa = PBXBuildFile; fileRef = 1A7C47A1254EF0D100A58870 /* PatternScanner.hpp */; };
		1AC8B1CB25BAF84C00F754B1 /* xorstr.h in Headers */ = {isa = PBXBuildFile; fileRef = 1AC8B1CA25BAF84C00F754B1 /* xorstr.h */; };
		1AC8B1D025BAF90F00F754B1 /* imgui_tables.cpp in Sources */ = {isa = PBXBuildFile; fileRef = 1AC8B1CF25BAF90F00F754B1 /* imgui_tables.cpp */; };
		1AF384DE254CBE2400336590 /* CustomWidgets.cpp in Sources */ = {isa = PBXBuildFile; fileRef = 1AF384DC254CBE2400336590 /* CustomWidgets.cpp */; };
		1AF384DF254CBE2400336590 /* CustomWidgets.hpp in Headers */ = {isa = PBXBuildFile; fileRef = 1AF384DD254CBE2400336590 /* CustomWidgets.hpp */; };
		6A22195225BC491300F879B2 /* NSTouchBar.mm in Sources */ = {isa = PBXBuildFile; fileRef = 6A22195125BC491300F879B2 /* NSTouchBar.mm */; };
		6A22195725BC492D00F879B2 /* NSTouchBar.h in Headers */ = {isa = PBXBuildFile; fileRef = 6A22195625BC492D00F879B2 /* NSTouchBar.h */; };
		6A22195F25BC4B2800F879B2 /* CoreFoundation.framework in Frameworks */ = {isa = PBXBuildFile; fileRef = 6A22195E25BC4B2800F879B2 /* CoreFoundation.framework */; };
		6A22196125BC4B3100F879B2 /* AppKit.framework in Frameworks */ = {isa = PBXBuildFile; fileRef = 6A22196025BC4B3100F879B2 /* AppKit.framework */; };
/* End PBXBuildFile section */

/* Begin PBXFileReference section */
		1A017BA425C4C2A80096CFA8 /* README.md */ = {isa = PBXFileReference; fileEncoding = 4; lastKnownFileType = net.daringfireball.markdown; path = README.md; sourceTree = SOURCE_ROOT; };
		1A017BA525C4C2A80096CFA8 /* LICENSE */ = {isa = PBXFileReference; fileEncoding = 4; lastKnownFileType = text; path = LICENSE; sourceTree = SOURCE_ROOT; };
		1A42E91825BC90D6006BB177 /* Interfaces.cpp */ = {isa = PBXFileReference; lastKnownFileType = sourcecode.cpp.cpp; path = Interfaces.cpp; sourceTree = "<group>"; };
		1A42E91925BC90D6006BB177 /* Interfaces.hpp */ = {isa = PBXFileReference; lastKnownFileType = sourcecode.cpp.h; path = Interfaces.hpp; sourceTree = "<group>"; };
		1A42E91E25BC9163006BB177 /* ISurface.h */ = {isa = PBXFileReference; lastKnownFileType = sourcecode.c.h; path = ISurface.h; sourceTree = "<group>"; };
		1A42E91F25BC919C006BB177 /* IPanel.h */ = {isa = PBXFileReference; lastKnownFileType = sourcecode.c.h; path = IPanel.h; sourceTree = "<group>"; };
		1A42E92025BC91CE006BB177 /* ICvar.h */ = {isa = PBXFileReference; lastKnownFileType = sourcecode.c.h; path = ICvar.h; sourceTree = "<group>"; };
		1A42E92125BC9203006BB177 /* IBaseClientDLL.h */ = {isa = PBXFileReference; lastKnownFileType = sourcecode.c.h; path = IBaseClientDLL.h; sourceTree = "<group>"; };
		1A42E92325BC9241006BB177 /* IClientEntityList.h */ = {isa = PBXFileReference; lastKnownFileType = sourcecode.c.h; path = IClientEntityList.h; sourceTree = "<group>"; };
		1A42E92425BC926C006BB177 /* IVDebugOverlay.h */ = {isa = PBXFileReference; lastKnownFileType = sourcecode.c.h; path = IVDebugOverlay.h; sourceTree = "<group>"; };
		1A42E92525BC9297006BB177 /* IEngineClient.h */ = {isa = PBXFileReference; lastKnownFileType = sourcecode.c.h; path = IEngineClient.h; sourceTree = "<group>"; };
		1A42E92625BC92D8006BB177 /* IVModuleInfo.h */ = {isa = PBXFileReference; lastKnownFileType = sourcecode.c.h; path = IVModuleInfo.h; sourceTree = "<group>"; };
		1A42E92725BC92F9006BB177 /* IEngineTrace.h */ = {isa = PBXFileReference; lastKnownFileType = sourcecode.c.h; path = IEngineTrace.h; sourceTree = "<group>"; };
		1A42E92825BC9412006BB177 /* Others.h */ = {isa = PBXFileReference; lastKnownFileType = sourcecode.c.h; path = Others.h; sourceTree = "<group>"; };
		1A42E92925BC9502006BB177 /* CommonFunctions.h */ = {isa = PBXFileReference; lastKnownFileType = sourcecode.c.h; path = CommonFunctions.h; sourceTree = "<group>"; };
		1A42E92C25BC965F006BB177 /* Color.h */ = {isa = PBXFileReference; lastKnownFileType = sourcecode.c.h; path = Color.h; sourceTree = "<group>"; };
		1A42E93225BC99C0006BB177 /* C_BaseEntity.h */ = {isa = PBXFileReference; lastKnownFileType = sourcecode.c.h; path = C_BaseEntity.h; sourceTree = "<group>"; };
		1A42E93325BC99EB006BB177 /* CUserCmd.h */ = {isa = PBXFileReference; lastKnownFileType = sourcecode.c.h; path = CUserCmd.h; sourceTree = "<group>"; };
		1A42E93425BC9A3E006BB177 /* Classes.h */ = {isa = PBXFileReference; lastKnownFileType = sourcecode.c.h; path = Classes.h; sourceTree = "<group>"; };
		1A42E93525BC9A7B006BB177 /* ValveSDK.h */ = {isa = PBXFileReference; lastKnownFileType = sourcecode.c.h; path = ValveSDK.h; sourceTree = "<group>"; };
		1A42E93925BC9BDA006BB177 /* Vector.h */ = {isa = PBXFileReference; lastKnownFileType = sourcecode.c.h; path = Vector.h; sourceTree = "<group>"; };
		1A42E93B25BC9C91006BB177 /* Offsets.cpp */ = {isa = PBXFileReference; lastKnownFileType = sourcecode.cpp.cpp; path = Offsets.cpp; sourceTree = "<group>"; };
		1A42E93C25BC9C91006BB177 /* Offsets.hpp */ = {isa = PBXFileReference; lastKnownFileType = sourcecode.cpp.h; path = Offsets.hpp; sourceTree = "<group>"; };
		1A42E94025BC9D07006BB177 /* NetVarManager.cpp */ = {isa = PBXFileReference; lastKnownFileType = sourcecode.cpp.cpp; path = NetVarManager.cpp; sourceTree = "<group>"; };
		1A42E94125BC9D07006BB177 /* NetVarManager.hpp */ = {isa = PBXFileReference; lastKnownFileType = sourcecode.cpp.h; path = NetVarManager.hpp; sourceTree = "<group>"; };
		1A42E94525BC9EE3006BB177 /* IMaterial.h */ = {isa = PBXFileReference; lastKnownFileType = sourcecode.c.h; path = IMaterial.h; sourceTree = "<group>"; };
		1A42E94925BCA3D6006BB177 /* ESP.cpp */ = {isa = PBXFileReference; lastKnownFileType = sourcecode.cpp.cpp; path = ESP.cpp; sourceTree = "<group>"; };
		1A471E1F254A1CA400FFF49B /* libButOSX.dylib */ = {isa = PBXFileReference; explicitFileType = "compiled.mach-o.dylib"; includeInIndex = 0; path = libButOSX.dylib; sourceTree = BUILT_PRODUCTS_DIR; };
		1A471E22254A1CA400FFF49B /* ButOSX.hpp */ = {isa = PBXFileReference; lastKnownFileType = sourcecode.cpp.h; path = ButOSX.hpp; sourceTree = "<group>"; };
		1A471E26254A1CA400FFF49B /* ButOSX.cpp */ = {isa = PBXFileReference; lastKnownFileType = sourcecode.cpp.cpp; path = ButOSX.cpp; sourceTree = "<group>"; };
		1A471E2F254A1D6000FFF49B /* imgui_draw.cpp */ = {isa = PBXFileReference; fileEncoding = 4; lastKnownFileType = sourcecode.cpp.cpp; path = imgui_draw.cpp; sourceTree = "<group>"; };
		1A471E30254A1D6000FFF49B /* imstb_textedit.h */ = {isa = PBXFileReference; fileEncoding = 4; lastKnownFileType = sourcecode.c.h; path = imstb_textedit.h; sourceTree = "<group>"; };
		1A471E31254A1D6000FFF49B /* imconfig.h */ = {isa = PBXFileReference; fileEncoding = 4; lastKnownFileType = sourcecode.c.h; path = imconfig.h; sourceTree = "<group>"; };
		1A471E32254A1D6000FFF49B /* imgui_widgets.cpp */ = {isa = PBXFileReference; fileEncoding = 4; lastKnownFileType = sourcecode.cpp.cpp; path = imgui_widgets.cpp; sourceTree = "<group>"; };
		1A471E33254A1D6000FFF49B /* imstb_truetype.h */ = {isa = PBXFileReference; fileEncoding = 4; lastKnownFileType = sourcecode.c.h; path = imstb_truetype.h; sourceTree = "<group>"; };
		1A471E34254A1D6000FFF49B /* imstb_rectpack.h */ = {isa = PBXFileReference; fileEncoding = 4; lastKnownFileType = sourcecode.c.h; path = imstb_rectpack.h; sourceTree = "<group>"; };
		1A471E35254A1D6000FFF49B /* imgui.h */ = {isa = PBXFileReference; fileEncoding = 4; lastKnownFileType = sourcecode.c.h; path = imgui.h; sourceTree = "<group>"; };
		1A471E36254A1D6000FFF49B /* imgui.cpp */ = {isa = PBXFileReference; fileEncoding = 4; lastKnownFileType = sourcecode.cpp.cpp; path = imgui.cpp; sourceTree = "<group>"; };
		1A471E37254A1D6000FFF49B /* imgui_internal.h */ = {isa = PBXFileReference; fileEncoding = 4; lastKnownFileType = sourcecode.c.h; path = imgui_internal.h; sourceTree = "<group>"; };
		1A471E43254A1EBC00FFF49B /* imgui_impl_opengl2.h */ = {isa = PBXFileReference; fileEncoding = 4; lastKnownFileType = sourcecode.c.h; path = imgui_impl_opengl2.h; sourceTree = "<group>"; };
		1A471E44254A1EBC00FFF49B /* imgui_impl_sdl.cpp */ = {isa = PBXFileReference; fileEncoding = 4; lastKnownFileType = sourcecode.cpp.cpp; path = imgui_impl_sdl.cpp; sourceTree = "<group>"; };
		1A471E45254A1EBD00FFF49B /* imgui_impl_osx.h */ = {isa = PBXFileReference; fileEncoding = 4; lastKnownFileType = sourcecode.c.h; path = imgui_impl_osx.h; sourceTree = "<group>"; };
		1A471E46254A1EBD00FFF49B /* imgui_impl_sdl.h */ = {isa = PBXFileReference; fileEncoding = 4; lastKnownFileType = sourcecode.c.h; path = imgui_impl_sdl.h; sourceTree = "<group>"; };
		1A471E47254A1EBD00FFF49B /* imgui_impl_opengl2.cpp */ = {isa = PBXFileReference; fileEncoding = 4; lastKnownFileType = sourcecode.cpp.cpp; path = imgui_impl_opengl2.cpp; sourceTree = "<group>"; };
		1A471E4E254A1EF000FFF49B /* OpenGL.framework */ = {isa = PBXFileReference; lastKnownFileType = wrapper.framework; name = OpenGL.framework; path = System/Library/Frameworks/OpenGL.framework; sourceTree = SDKROOT; };
		1A471E53254A1F3E00FFF49B /* OpenGLHooker.cpp */ = {isa = PBXFileReference; lastKnownFileType = sourcecode.cpp.cpp; path = OpenGLHooker.cpp; sourceTree = "<group>"; };
		1A471E54254A1F3E00FFF49B /* OpenGLHooker.hpp */ = {isa = PBXFileReference; lastKnownFileType = sourcecode.cpp.h; path = OpenGLHooker.hpp; sourceTree = "<group>"; };
		1A471E57254A201100FFF49B /* MainHooker.cpp */ = {isa = PBXFileReference; lastKnownFileType = sourcecode.cpp.cpp; path = MainHooker.cpp; sourceTree = "<group>"; };
		1A471E58254A201100FFF49B /* MainHooker.hpp */ = {isa = PBXFileReference; lastKnownFileType = sourcecode.cpp.h; path = MainHooker.hpp; sourceTree = "<group>"; };
		1A471E66254A255E00FFF49B /* SDL_test_compare.h */ = {isa = PBXFileReference; fileEncoding = 4; lastKnownFileType = sourcecode.c.h; path = SDL_test_compare.h; sourceTree = "<group>"; };
		1A471E67254A255E00FFF49B /* SDL_rwops.h */ = {isa = PBXFileReference; fileEncoding = 4; lastKnownFileType = sourcecode.c.h; path = SDL_rwops.h; sourceTree = "<group>"; };
		1A471E68254A255E00FFF49B /* SDL_stdinc.h */ = {isa = PBXFileReference; fileEncoding = 4; lastKnownFileType = sourcecode.c.h; path = SDL_stdinc.h; sourceTree = "<group>"; };
		1A471E69254A255E00FFF49B /* SDL_clipboard.h */ = {isa = PBXFileReference; fileEncoding = 4; lastKnownFileType = sourcecode.c.h; path = SDL_clipboard.h; sourceTree = "<group>"; };
		1A471E6A254A255E00FFF49B /* SDL_opengles2_khrplatform.h */ = {isa = PBXFileReference; fileEncoding = 4; lastKnownFileType = sourcecode.c.h; path = SDL_opengles2_khrplatform.h; sourceTree = "<group>"; };
		1A471E6B254A255E00FFF49B /* SDL_video.h */ = {isa = PBXFileReference; fileEncoding = 4; lastKnownFileType = sourcecode.c.h; path = SDL_video.h; sourceTree = "<group>"; };
		1A471E6C254A255E00FFF49B /* SDL_syswm.h */ = {isa = PBXFileReference; fileEncoding = 4; lastKnownFileType = sourcecode.c.h; path = SDL_syswm.h; sourceTree = "<group>"; };
		1A471E6D254A255E00FFF49B /* SDL_opengles2_gl2platform.h */ = {isa = PBXFileReference; fileEncoding = 4; lastKnownFileType = sourcecode.c.h; path = SDL_opengles2_gl2platform.h; sourceTree = "<group>"; };
		1A471E6E254A255E00FFF49B /* SDL_test_log.h */ = {isa = PBXFileReference; fileEncoding = 4; lastKnownFileType = sourcecode.c.h; path = SDL_test_log.h; sourceTree = "<group>"; };
		1A471E6F254A255F00FFF49B /* SDL_bits.h */ = {isa = PBXFileReference; fileEncoding = 4; lastKnownFileType = sourcecode.c.h; path = SDL_bits.h; sourceTree = "<group>"; };
		1A471E70254A255F00FFF49B /* SDL_render.h */ = {isa = PBXFileReference; fileEncoding = 4; lastKnownFileType = sourcecode.c.h; path = SDL_render.h; sourceTree = "<group>"; };
		1A471E71254A255F00FFF49B /* SDL_blendmode.h */ = {isa = PBXFileReference; fileEncoding = 4; lastKnownFileType = sourcecode.c.h; path = SDL_blendmode.h; sourceTree = "<group>"; };
		1A471E72254A255F00FFF49B /* SDL_haptic.h */ = {isa = PBXFileReference; fileEncoding = 4; lastKnownFileType = sourcecode.c.h; path = SDL_haptic.h; sourceTree = "<group>"; };
		1A471E73254A255F00FFF49B /* SDL_vulkan.h */ = {isa = PBXFileReference; fileEncoding = 4; lastKnownFileType = sourcecode.c.h; path = SDL_vulkan.h; sourceTree = "<group>"; };
		1A471E74254A255F00FFF49B /* SDL_log.h */ = {isa = PBXFileReference; fileEncoding = 4; lastKnownFileType = sourcecode.c.h; path = SDL_log.h; sourceTree = "<group>"; };
		1A471E75254A255F00FFF49B /* SDL_keyboard.h */ = {isa = PBXFileReference; fileEncoding = 4; lastKnownFileType = sourcecode.c.h; path = SDL_keyboard.h; sourceTree = "<group>"; };
		1A471E76254A255F00FFF49B /* SDL_endian.h */ = {isa = PBXFileReference; fileEncoding = 4; lastKnownFileType = sourcecode.c.h; path = SDL_endian.h; sourceTree = "<group>"; };
		1A471E77254A255F00FFF49B /* SDL_gesture.h */ = {isa = PBXFileReference; fileEncoding = 4; lastKnownFileType = sourcecode.c.h; path = SDL_gesture.h; sourceTree = "<group>"; };
		1A471E78254A255F00FFF49B /* SDL_audio.h */ = {isa = PBXFileReference; fileEncoding = 4; lastKnownFileType = sourcecode.c.h; path = SDL_audio.h; sourceTree = "<group>"; };
		1A471E79254A255F00FFF49B /* SDL_filesystem.h */ = {isa = PBXFileReference; fileEncoding = 4; lastKnownFileType = sourcecode.c.h; path = SDL_filesystem.h; sourceTree = "<group>"; };
		1A471E7A254A255F00FFF49B /* SDL_joystick.h */ = {isa = PBXFileReference; fileEncoding = 4; lastKnownFileType = sourcecode.c.h; path = SDL_joystick.h; sourceTree = "<group>"; };
		1A471E7B254A255F00FFF49B /* SDL_opengles2_gl2ext.h */ = {isa = PBXFileReference; fileEncoding = 4; lastKnownFileType = sourcecode.c.h; path = SDL_opengles2_gl2ext.h; sourceTree = "<group>"; };
		1A471E7C254A255F00FFF49B /* SDL_rect.h */ = {isa = PBXFileReference; fileEncoding = 4; lastKnownFileType = sourcecode.c.h; path = SDL_rect.h; sourceTree = "<group>"; };
		1A471E7D254A255F00FFF49B /* SDL_cpuinfo.h */ = {isa = PBXFileReference; fileEncoding = 4; lastKnownFileType = sourcecode.c.h; path = SDL_cpuinfo.h; sourceTree = "<group>"; };
		1A471E7E254A255F00FFF49B /* SDL_pixels.h */ = {isa = PBXFileReference; fileEncoding = 4; lastKnownFileType = sourcecode.c.h; path = SDL_pixels.h; sourceTree = "<group>"; };
		1A471E7F254A255F00FFF49B /* SDL_test_images.h */ = {isa = PBXFileReference; fileEncoding = 4; lastKnownFileType = sourcecode.c.h; path = SDL_test_images.h; sourceTree = "<group>"; };
		1A471E80254A256000FFF49B /* SDL_scancode.h */ = {isa = PBXFileReference; fileEncoding = 4; lastKnownFileType = sourcecode.c.h; path = SDL_scancode.h; sourceTree = "<group>"; };
		1A471E81254A256000FFF49B /* SDL_sensor.h */ = {isa = PBXFileReference; fileEncoding = 4; lastKnownFileType = sourcecode.c.h; path = SDL_sensor.h; sourceTree = "<group>"; };
		1A471E82254A256000FFF49B /* SDL_revision.h */ = {isa = PBXFileReference; fileEncoding = 4; lastKnownFileType = sourcecode.c.h; path = SDL_revision.h; sourceTree = "<group>"; };
		1A471E83254A256000FFF49B /* SDL_system.h */ = {isa = PBXFileReference; fileEncoding = 4; lastKnownFileType = sourcecode.c.h; path = SDL_system.h; sourceTree = "<group>"; };
		1A471E84254A256000FFF49B /* SDL_metal.h */ = {isa = PBXFileReference; fileEncoding = 4; lastKnownFileType = sourcecode.c.h; path = SDL_metal.h; sourceTree = "<group>"; };
		1A471E85254A256000FFF49B /* SDL_opengles.h */ = {isa = PBXFileReference; fileEncoding = 4; lastKnownFileType = sourcecode.c.h; path = SDL_opengles.h; sourceTree = "<group>"; };
		1A471E86254A256000FFF49B /* SDL.h */ = {isa = PBXFileReference; fileEncoding = 4; lastKnownFileType = sourcecode.c.h; path = SDL.h; sourceTree = "<group>"; };
		1A471E87254A256000FFF49B /* SDL_opengles2_gl2.h */ = {isa = PBXFileReference; fileEncoding = 4; lastKnownFileType = sourcecode.c.h; path = SDL_opengles2_gl2.h; sourceTree = "<group>"; };
		1A471E88254A256000FFF49B /* SDL_opengl_glext.h */ = {isa = PBXFileReference; fileEncoding = 4; lastKnownFileType = sourcecode.c.h; path = SDL_opengl_glext.h; sourceTree = "<group>"; };
		1A471E89254A256000FFF49B /* SDL_config.h */ = {isa = PBXFileReference; fileEncoding = 4; lastKnownFileType = sourcecode.c.h; path = SDL_config.h; sourceTree = "<group>"; };
		1A471E8A254A256000FFF49B /* SDL_test_font.h */ = {isa = PBXFileReference; fileEncoding = 4; lastKnownFileType = sourcecode.c.h; path = SDL_test_font.h; sourceTree = "<group>"; };
		1A471E8B254A256000FFF49B /* SDL_mouse.h */ = {isa = PBXFileReference; fileEncoding = 4; lastKnownFileType = sourcecode.c.h; path = SDL_mouse.h; sourceTree = "<group>"; };
		1A471E8C254A256000FFF49B /* close_code.h */ = {isa = PBXFileReference; fileEncoding = 4; lastKnownFileType = sourcecode.c.h; path = close_code.h; sourceTree = "<group>"; };
		1A471E8D254A256100FFF49B /* SDL_opengles2.h */ = {isa = PBXFileReference; fileEncoding = 4; lastKnownFileType = sourcecode.c.h; path = SDL_opengles2.h; sourceTree = "<group>"; };
		1A471E8E254A256100FFF49B /* SDL_mutex.h */ = {isa = PBXFileReference; fileEncoding = 4; lastKnownFileType = sourcecode.c.h; path = SDL_mutex.h; sourceTree = "<group>"; };
		1A471E8F254A256100FFF49B /* begin_code.h */ = {isa = PBXFileReference; fileEncoding = 4; lastKnownFileType = sourcecode.c.h; path = begin_code.h; sourceTree = "<group>"; };
		1A471E90254A256100FFF49B /* SDL_keycode.h */ = {isa = PBXFileReference; fileEncoding = 4; lastKnownFileType = sourcecode.c.h; path = SDL_keycode.h; sourceTree = "<group>"; };
		1A471E91254A256100FFF49B /* SDL_name.h */ = {isa = PBXFileReference; fileEncoding = 4; lastKnownFileType = sourcecode.c.h; path = SDL_name.h; sourceTree = "<group>"; };
		1A471E92254A256100FFF49B /* SDL_test_fuzzer.h */ = {isa = PBXFileReference; fileEncoding = 4; lastKnownFileType = sourcecode.c.h; path = SDL_test_fuzzer.h; sourceTree = "<group>"; };
		1A471E93254A256100FFF49B /* SDL_main.h */ = {isa = PBXFileReference; fileEncoding = 4; lastKnownFileType = sourcecode.c.h; path = SDL_main.h; sourceTree = "<group>"; };
		1A471E94254A256100FFF49B /* SDL_test_md5.h */ = {isa = PBXFileReference; fileEncoding = 4; lastKnownFileType = sourcecode.c.h; path = SDL_test_md5.h; sourceTree = "<group>"; };
		1A471E95254A256100FFF49B /* SDL_test_crc32.h */ = {isa = PBXFileReference; fileEncoding = 4; lastKnownFileType = sourcecode.c.h; path = SDL_test_crc32.h; sourceTree = "<group>"; };
		1A471E96254A256100FFF49B /* SDL_thread.h */ = {isa = PBXFileReference; fileEncoding = 4; lastKnownFileType = sourcecode.c.h; path = SDL_thread.h; sourceTree = "<group>"; };
		1A471E97254A256100FFF49B /* SDL_touch.h */ = {isa = PBXFileReference; fileEncoding = 4; lastKnownFileType = sourcecode.c.h; path = SDL_touch.h; sourceTree = "<group>"; };
		1A471E98254A256100FFF49B /* SDL_opengl.h */ = {isa = PBXFileReference; fileEncoding = 4; lastKnownFileType = sourcecode.c.h; path = SDL_opengl.h; sourceTree = "<group>"; };
		1A471E99254A256100FFF49B /* SDL_assert.h */ = {isa = PBXFileReference; fileEncoding = 4; lastKnownFileType = sourcecode.c.h; path = SDL_assert.h; sourceTree = "<group>"; };
		1A471E9A254A256100FFF49B /* SDL_messagebox.h */ = {isa = PBXFileReference; fileEncoding = 4; lastKnownFileType = sourcecode.c.h; path = SDL_messagebox.h; sourceTree = "<group>"; };
		1A471E9B254A256100FFF49B /* SDL_test_common.h */ = {isa = PBXFileReference; fileEncoding = 4; lastKnownFileType = sourcecode.c.h; path = SDL_test_common.h; sourceTree = "<group>"; };
		1A471E9C254A256100FFF49B /* SDL_gamecontroller.h */ = {isa = PBXFileReference; fileEncoding = 4; lastKnownFileType = sourcecode.c.h; path = SDL_gamecontroller.h; sourceTree = "<group>"; };
		1A471E9D254A256100FFF49B /* SDL_atomic.h */ = {isa = PBXFileReference; fileEncoding = 4; lastKnownFileType = sourcecode.c.h; path = SDL_atomic.h; sourceTree = "<group>"; };
		1A471E9E254A256200FFF49B /* SDL_shape.h */ = {isa = PBXFileReference; fileEncoding = 4; lastKnownFileType = sourcecode.c.h; path = SDL_shape.h; sourceTree = "<group>"; };
		1A471E9F254A256200FFF49B /* SDL_test_random.h */ = {isa = PBXFileReference; fileEncoding = 4; lastKnownFileType = sourcecode.c.h; path = SDL_test_random.h; sourceTree = "<group>"; };
		1A471EA0254A256200FFF49B /* SDL_loadso.h */ = {isa = PBXFileReference; fileEncoding = 4; lastKnownFileType = sourcecode.c.h; path = SDL_loadso.h; sourceTree = "<group>"; };
		1A471EA1254A256200FFF49B /* SDL_surface.h */ = {isa = PBXFileReference; fileEncoding = 4; lastKnownFileType = sourcecode.c.h; path = SDL_surface.h; sourceTree = "<group>"; };
		1A471EA2254A256200FFF49B /* SDL_timer.h */ = {isa = PBXFileReference; fileEncoding = 4; lastKnownFileType = sourcecode.c.h; path = SDL_timer.h; sourceTree = "<group>"; };
		1A471EA3254A256200FFF49B /* SDL_types.h */ = {isa = PBXFileReference; fileEncoding = 4; lastKnownFileType = sourcecode.c.h; path = SDL_types.h; sourceTree = "<group>"; };
		1A471EA4254A256200FFF49B /* SDL_version.h */ = {isa = PBXFileReference; fileEncoding = 4; lastKnownFileType = sourcecode.c.h; path = SDL_version.h; sourceTree = "<group>"; };
		1A471EA5254A256200FFF49B /* SDL_egl.h */ = {isa = PBXFileReference; fileEncoding = 4; lastKnownFileType = sourcecode.c.h; path = SDL_egl.h; sourceTree = "<group>"; };
		1A471EA6254A256200FFF49B /* SDL_error.h */ = {isa = PBXFileReference; fileEncoding = 4; lastKnownFileType = sourcecode.c.h; path = SDL_error.h; sourceTree = "<group>"; };
		1A471EA7254A256200FFF49B /* SDL_test_assert.h */ = {isa = PBXFileReference; fileEncoding = 4; lastKnownFileType = sourcecode.c.h; path = SDL_test_assert.h; sourceTree = "<group>"; };
		1A471EA8254A256200FFF49B /* SDL_test_memory.h */ = {isa = PBXFileReference; fileEncoding = 4; lastKnownFileType = sourcecode.c.h; path = SDL_test_memory.h; sourceTree = "<group>"; };
		1A471EA9254A256200FFF49B /* SDL_platform.h */ = {isa = PBXFileReference; fileEncoding = 4; lastKnownFileType = sourcecode.c.h; path = SDL_platform.h; sourceTree = "<group>"; };
		1A471EAA254A256200FFF49B /* SDL_hints.h */ = {isa = PBXFileReference; fileEncoding = 4; lastKnownFileType = sourcecode.c.h; path = SDL_hints.h; sourceTree = "<group>"; };
		1A471EAB254A256200FFF49B /* SDL_test_harness.h */ = {isa = PBXFileReference; fileEncoding = 4; lastKnownFileType = sourcecode.c.h; path = SDL_test_harness.h; sourceTree = "<group>"; };
		1A471EAC254A256200FFF49B /* SDL_quit.h */ = {isa = PBXFileReference; fileEncoding = 4; lastKnownFileType = sourcecode.c.h; path = SDL_quit.h; sourceTree = "<group>"; };
		1A471EAD254A256200FFF49B /* SDL_test.h */ = {isa = PBXFileReference; fileEncoding = 4; lastKnownFileType = sourcecode.c.h; path = SDL_test.h; sourceTree = "<group>"; };
		1A471EAE254A256200FFF49B /* SDL_events.h */ = {isa = PBXFileReference; fileEncoding = 4; lastKnownFileType = sourcecode.c.h; path = SDL_events.h; sourceTree = "<group>"; };
		1A471EAF254A256300FFF49B /* SDL_power.h */ = {isa = PBXFileReference; fileEncoding = 4; lastKnownFileType = sourcecode.c.h; path = SDL_power.h; sourceTree = "<group>"; };
		1A471EFB254A265E00FFF49B /* Module.cpp */ = {isa = PBXFileReference; lastKnownFileType = sourcecode.cpp.cpp; path = Module.cpp; sourceTree = "<group>"; };
		1A471EFC254A265E00FFF49B /* Module.hpp */ = {isa = PBXFileReference; lastKnownFileType = sourcecode.cpp.h; path = Module.hpp; sourceTree = "<group>"; };
		1A471EFF254A266D00FFF49B /* Helpers.cpp */ = {isa = PBXFileReference; lastKnownFileType = sourcecode.cpp.cpp; path = Helpers.cpp; sourceTree = "<group>"; };
		1A471F00254A266D00FFF49B /* Helpers.hpp */ = {isa = PBXFileReference; lastKnownFileType = sourcecode.cpp.h; path = Helpers.hpp; sourceTree = "<group>"; };
		1A471F09254B35E900FFF49B /* MenuRenderer.cpp */ = {isa = PBXFileReference; lastKnownFileType = sourcecode.cpp.cpp; path = MenuRenderer.cpp; sourceTree = "<group>"; };
		1A471F0A254B35E900FFF49B /* MenuRenderer.hpp */ = {isa = PBXFileReference; lastKnownFileType = sourcecode.cpp.h; path = MenuRenderer.hpp; sourceTree = "<group>"; };
		1A518E4F25C206980080F876 /* Others.cpp */ = {isa = PBXFileReference; lastKnownFileType = sourcecode.cpp.cpp; path = Others.cpp; sourceTree = "<group>"; };
		1A518E5425C207150080F876 /* Visuals.cpp */ = {isa = PBXFileReference; lastKnownFileType = sourcecode.cpp.cpp; path = Visuals.cpp; sourceTree = "<group>"; };
		1A518E5525C207150080F876 /* Visuals.hpp */ = {isa = PBXFileReference; lastKnownFileType = sourcecode.cpp.h; path = Visuals.hpp; sourceTree = "<group>"; };
		1A518E5B25C238380080F876 /* IVModelRender.h */ = {isa = PBXFileReference; lastKnownFileType = sourcecode.c.h; path = IVModelRender.h; sourceTree = "<group>"; };
		1A77C52C25BDC50100BF3B0E /* Datas.h */ = {isa = PBXFileReference; lastKnownFileType = sourcecode.c.h; path = Datas.h; sourceTree = "<group>"; };
		1A7C4758254EE8D700A58870 /* GameHooker.cpp */ = {isa = PBXFileReference; lastKnownFileType = sourcecode.cpp.cpp; path = GameHooker.cpp; sourceTree = "<group>"; };
		1A7C4759254EE8D700A58870 /* GameHooker.hpp */ = {isa = PBXFileReference; lastKnownFileType = sourcecode.cpp.h; path = GameHooker.hpp; sourceTree = "<group>"; };
		1A7C4767254EEA4000A58870 /* Global.cpp */ = {isa = PBXFileReference; lastKnownFileType = sourcecode.cpp.cpp; path = Global.cpp; sourceTree = "<group>"; };
		1A7C4768254EEA4000A58870 /* Global.hpp */ = {isa = PBXFileReference; lastKnownFileType = sourcecode.cpp.h; path = Global.hpp; sourceTree = "<group>"; };
		1A7C476C254EEB0100A58870 /* Headers.h */ = {isa = PBXFileReference; lastKnownFileType = sourcecode.c.h; path = Headers.h; sourceTree = "<group>"; };
		1A7C4791254EEDC400A58870 /* Vector3D.h */ = {isa = PBXFileReference; lastKnownFileType = sourcecode.c.h; path = Vector3D.h; sourceTree = "<group>"; };
		1A7C4792254EEDDE00A58870 /* Vector2D.h */ = {isa = PBXFileReference; lastKnownFileType = sourcecode.c.h; path = Vector2D.h; sourceTree = "<group>"; };
		1A7C4794254EEDF500A58870 /* QAngle.h */ = {isa = PBXFileReference; lastKnownFileType = sourcecode.c.h; path = QAngle.h; sourceTree = "<group>"; };
		1A7C4796254EEE8B00A58870 /* Others.h */ = {isa = PBXFileReference; lastKnownFileType = sourcecode.c.h; path = Others.h; sourceTree = "<group>"; };
		1A7C4797254EEE9C00A58870 /* Common.h */ = {isa = PBXFileReference; lastKnownFileType = sourcecode.c.h; path = Common.h; sourceTree = "<group>"; };
		1A7C4798254EEEB100A58870 /* Color.h */ = {isa = PBXFileReference; lastKnownFileType = sourcecode.c.h; path = Color.h; sourceTree = "<group>"; };
		1A7C4799254EEF7D00A58870 /* VMT.h */ = {isa = PBXFileReference; lastKnownFileType = sourcecode.c.h; path = VMT.h; sourceTree = "<group>"; };
		1A7C47A0254EF0D100A58870 /* PatternScanner.cpp */ = {isa = PBXFileReference; lastKnownFileType = sourcecode.cpp.cpp; path = PatternScanner.cpp; sourceTree = "<group>"; };
		1A7C47A1254EF0D100A58870 /* PatternScanner.hpp */ = {isa = PBXFileReference; lastKnownFileType = sourcecode.cpp.h; path = PatternScanner.hpp; sourceTree = "<group>"; };
		1AC4B8FB254C90740035B067 /* CheatSettings.h */ = {isa = PBXFileReference; lastKnownFileType = sourcecode.c.h; path = CheatSettings.h; sourceTree = "<group>"; };
		1AC8779325C7518200659F75 /* IVMaterialSystem.h */ = {isa = PBXFileReference; lastKnownFileType = sourcecode.c.h; path = IVMaterialSystem.h; sourceTree = "<group>"; };
		1AC8779725C757B400659F75 /* UtlVector.h */ = {isa = PBXFileReference; lastKnownFileType = sourcecode.c.h; path = UtlVector.h; sourceTree = "<group>"; };
		1AC8779A25C7598B00659F75 /* ConVar.h */ = {isa = PBXFileReference; lastKnownFileType = sourcecode.c.h; path = ConVar.h; sourceTree = "<group>"; };
		1AC8779C25C75A0D00659F75 /* IAppSystem.h */ = {isa = PBXFileReference; lastKnownFileType = sourcecode.c.h; path = IAppSystem.h; sourceTree = "<group>"; };
		1AC8779E25C763CA00659F75 /* FrameStage.h */ = {isa = PBXFileReference; lastKnownFileType = sourcecode.c.h; path = FrameStage.h; sourceTree = "<group>"; };
		1AC8B1CA25BAF84C00F754B1 /* xorstr.h */ = {isa = PBXFileReference; fileEncoding = 4; lastKnownFileType = sourcecode.c.h; path = xorstr.h; sourceTree = "<group>"; };
		1AC8B1CF25BAF90F00F754B1 /* imgui_tables.cpp */ = {isa = PBXFileReference; fileEncoding = 4; lastKnownFileType = sourcecode.cpp.cpp; path = imgui_tables.cpp; sourceTree = "<group>"; };
		1AF384DC254CBE2400336590 /* CustomWidgets.cpp */ = {isa = PBXFileReference; lastKnownFileType = sourcecode.cpp.cpp; path = CustomWidgets.cpp; sourceTree = "<group>"; };
		1AF384DD254CBE2400336590 /* CustomWidgets.hpp */ = {isa = PBXFileReference; lastKnownFileType = sourcecode.cpp.h; path = CustomWidgets.hpp; sourceTree = "<group>"; };
		6A22195125BC491300F879B2 /* NSTouchBar.mm */ = {isa = PBXFileReference; lastKnownFileType = sourcecode.cpp.objcpp; path = NSTouchBar.mm; sourceTree = "<group>"; };
		6A22195625BC492D00F879B2 /* NSTouchBar.h */ = {isa = PBXFileReference; lastKnownFileType = sourcecode.c.h; path = NSTouchBar.h; sourceTree = "<group>"; };
		6A22195E25BC4B2800F879B2 /* CoreFoundation.framework */ = {isa = PBXFileReference; lastKnownFileType = wrapper.framework; name = CoreFoundation.framework; path = System/Library/Frameworks/CoreFoundation.framework; sourceTree = SDKROOT; };
		6A22196025BC4B3100F879B2 /* AppKit.framework */ = {isa = PBXFileReference; lastKnownFileType = wrapper.framework; name = AppKit.framework; path = System/Library/Frameworks/AppKit.framework; sourceTree = SDKROOT; };
/* End PBXFileReference section */

/* Begin PBXFrameworksBuildPhase section */
		1A471E1D254A1CA400FFF49B /* Frameworks */ = {
			isa = PBXFrameworksBuildPhase;
			buildActionMask = 2147483647;
			files = (
				6A22196125BC4B3100F879B2 /* AppKit.framework in Frameworks */,
				1A471E4F254A1EF000FFF49B /* OpenGL.framework in Frameworks */,
				6A22195F25BC4B2800F879B2 /* CoreFoundation.framework in Frameworks */,
			);
			runOnlyForDeploymentPostprocessing = 0;
		};
/* End PBXFrameworksBuildPhase section */

/* Begin PBXGroup section */
		1A42E91725BC90BC006BB177 /* Interfaces */ = {
			isa = PBXGroup;
			children = (
				1A42E91825BC90D6006BB177 /* Interfaces.cpp */,
				1A42E91925BC90D6006BB177 /* Interfaces.hpp */,
				1A42E91E25BC9163006BB177 /* ISurface.h */,
				1A42E91F25BC919C006BB177 /* IPanel.h */,
				1A42E92025BC91CE006BB177 /* ICvar.h */,
				1A42E92125BC9203006BB177 /* IBaseClientDLL.h */,
				1A42E92325BC9241006BB177 /* IClientEntityList.h */,
				1A42E92425BC926C006BB177 /* IVDebugOverlay.h */,
				1A42E92525BC9297006BB177 /* IEngineClient.h */,
				1A42E92625BC92D8006BB177 /* IVModuleInfo.h */,
				1A42E92725BC92F9006BB177 /* IEngineTrace.h */,
				1A518E5B25C238380080F876 /* IVModelRender.h */,
				1AC8779325C7518200659F75 /* IVMaterialSystem.h */,
				1AC8779C25C75A0D00659F75 /* IAppSystem.h */,
			);
			path = Interfaces;
			sourceTree = "<group>";
		};
		1A42E92B25BC9640006BB177 /* Classes */ = {
			isa = PBXGroup;
			children = (
				1A42E93425BC9A3E006BB177 /* Classes.h */,
				1A42E93225BC99C0006BB177 /* C_BaseEntity.h */,
				1A42E93325BC99EB006BB177 /* CUserCmd.h */,
				1A42E94525BC9EE3006BB177 /* IMaterial.h */,
				1AC8779725C757B400659F75 /* UtlVector.h */,
				1AC8779A25C7598B00659F75 /* ConVar.h */,
				1AC8779E25C763CA00659F75 /* FrameStage.h */,
			);
			path = Classes;
			sourceTree = "<group>";
		};
		1A42E94725BCA3AA006BB177 /* Features */ = {
			isa = PBXGroup;
			children = (
				1AC8779125C750B200659F75 /* Assists */,
				1A42E94825BCA3B7006BB177 /* Visuals */,
			);
			path = Features;
			sourceTree = "<group>";
		};
		1A42E94825BCA3B7006BB177 /* Visuals */ = {
			isa = PBXGroup;
			children = (
				1A42E94925BCA3D6006BB177 /* ESP.cpp */,
				1A518E4F25C206980080F876 /* Others.cpp */,
				1A518E5425C207150080F876 /* Visuals.cpp */,
				1A518E5525C207150080F876 /* Visuals.hpp */,
			);
			path = Visuals;
			sourceTree = "<group>";
		};
		1A471E16254A1CA300FFF49B = {
			isa = PBXGroup;
			children = (
				1A471E21254A1CA400FFF49B /* ButOSX */,
				1A471E20254A1CA400FFF49B /* Products */,
				1A471E4D254A1EF000FFF49B /* Frameworks */,
			);
			sourceTree = "<group>";
		};
		1A471E20254A1CA400FFF49B /* Products */ = {
			isa = PBXGroup;
			children = (
				1A471E1F254A1CA400FFF49B /* libButOSX.dylib */,
			);
			name = Products;
			sourceTree = "<group>";
		};
		1A471E21254A1CA400FFF49B /* ButOSX */ = {
			isa = PBXGroup;
			children = (
				1A017BA525C4C2A80096CFA8 /* LICENSE */,
				1A017BA425C4C2A80096CFA8 /* README.md */,
				1A42E94725BCA3AA006BB177 /* Features */,
				1AC4B8FA254C905A0035B067 /* Classes */,
				1A471E50254A1F1100FFF49B /* SDK */,
				1A471E2D254A1D0400FFF49B /* Thirdparty */,
				1A471E22254A1CA400FFF49B /* ButOSX.hpp */,
				1A471E26254A1CA400FFF49B /* ButOSX.cpp */,
			);
			path = ButOSX;
			sourceTree = "<group>";
		};
		1A471E2D254A1D0400FFF49B /* Thirdparty */ = {
			isa = PBXGroup;
			children = (
				1A471F04254B350D00FFF49B /* xorstr */,
				1A471E61254A24D400FFF49B /* sdl2 */,
				1A471E2E254A1D0C00FFF49B /* imgui */,
			);
			path = Thirdparty;
			sourceTree = "<group>";
		};
		1A471E2E254A1D0C00FFF49B /* imgui */ = {
			isa = PBXGroup;
			children = (
				1AC8B1CF25BAF90F00F754B1 /* imgui_tables.cpp */,
				1A471E42254A1DEF00FFF49B /* backends */,
				1A471E31254A1D6000FFF49B /* imconfig.h */,
				1A471E2F254A1D6000FFF49B /* imgui_draw.cpp */,
				1A471E37254A1D6000FFF49B /* imgui_internal.h */,
				1A471E32254A1D6000FFF49B /* imgui_widgets.cpp */,
				1A471E36254A1D6000FFF49B /* imgui.cpp */,
				1A471E35254A1D6000FFF49B /* imgui.h */,
				1A471E34254A1D6000FFF49B /* imstb_rectpack.h */,
				1A471E30254A1D6000FFF49B /* imstb_textedit.h */,
				1A471E33254A1D6000FFF49B /* imstb_truetype.h */,
			);
			path = imgui;
			sourceTree = "<group>";
		};
		1A471E42254A1DEF00FFF49B /* backends */ = {
			isa = PBXGroup;
			children = (
				1A471E47254A1EBD00FFF49B /* imgui_impl_opengl2.cpp */,
				1A471E43254A1EBC00FFF49B /* imgui_impl_opengl2.h */,
				1A471E45254A1EBD00FFF49B /* imgui_impl_osx.h */,
				1A471E44254A1EBC00FFF49B /* imgui_impl_sdl.cpp */,
				1A471E46254A1EBD00FFF49B /* imgui_impl_sdl.h */,
			);
			path = backends;
			sourceTree = "<group>";
		};
		1A471E4D254A1EF000FFF49B /* Frameworks */ = {
			isa = PBXGroup;
			children = (
				6A22196025BC4B3100F879B2 /* AppKit.framework */,
				6A22195E25BC4B2800F879B2 /* CoreFoundation.framework */,
				1A471E4E254A1EF000FFF49B /* OpenGL.framework */,
			);
			name = Frameworks;
			sourceTree = "<group>";
		};
		1A471E50254A1F1100FFF49B /* SDK */ = {
			isa = PBXGroup;
			children = (
				6A22195025BC48FE00F879B2 /* NSTouchBar */,
				1A7C4766254EE9ED00A58870 /* Classes */,
				1A7C4753254EE81900A58870 /* ValveSDK */,
				1A471F08254B35C900FFF49B /* Menu */,
				1A471E51254A1F1E00FFF49B /* Hooks */,
			);
			path = SDK;
			sourceTree = "<group>";
		};
		1A471E51254A1F1E00FFF49B /* Hooks */ = {
			isa = PBXGroup;
			children = (
				1A7C4757254EE8C200A58870 /* GameHooker */,
				1A471E52254A1F2600FFF49B /* OpenGLHooker */,
				1A471E57254A201100FFF49B /* MainHooker.cpp */,
				1A471E58254A201100FFF49B /* MainHooker.hpp */,
			);
			path = Hooks;
			sourceTree = "<group>";
		};
		1A471E52254A1F2600FFF49B /* OpenGLHooker */ = {
			isa = PBXGroup;
			children = (
				1A471EFA254A264D00FFF49B /* Functions */,
				1A471E53254A1F3E00FFF49B /* OpenGLHooker.cpp */,
				1A471E54254A1F3E00FFF49B /* OpenGLHooker.hpp */,
			);
			path = OpenGLHooker;
			sourceTree = "<group>";
		};
		1A471E61254A24D400FFF49B /* sdl2 */ = {
			isa = PBXGroup;
			children = (
				1A471E63254A251D00FFF49B /* 2.0.12_1 */,
			);
			path = sdl2;
			sourceTree = "<group>";
		};
		1A471E63254A251D00FFF49B /* 2.0.12_1 */ = {
			isa = PBXGroup;
			children = (
				1A471E64254A252C00FFF49B /* include */,
			);
			path = 2.0.12_1;
			sourceTree = "<group>";
		};
		1A471E64254A252C00FFF49B /* include */ = {
			isa = PBXGroup;
			children = (
				1A471E65254A253F00FFF49B /* SDL2 */,
			);
			path = include;
			sourceTree = "<group>";
		};
		1A471E65254A253F00FFF49B /* SDL2 */ = {
			isa = PBXGroup;
			children = (
				1A471E8F254A256100FFF49B /* begin_code.h */,
				1A471E8C254A256000FFF49B /* close_code.h */,
				1A471E99254A256100FFF49B /* SDL_assert.h */,
				1A471E9D254A256100FFF49B /* SDL_atomic.h */,
				1A471E78254A255F00FFF49B /* SDL_audio.h */,
				1A471E6F254A255F00FFF49B /* SDL_bits.h */,
				1A471E71254A255F00FFF49B /* SDL_blendmode.h */,
				1A471E69254A255E00FFF49B /* SDL_clipboard.h */,
				1A471E89254A256000FFF49B /* SDL_config.h */,
				1A471E7D254A255F00FFF49B /* SDL_cpuinfo.h */,
				1A471EA5254A256200FFF49B /* SDL_egl.h */,
				1A471E76254A255F00FFF49B /* SDL_endian.h */,
				1A471EA6254A256200FFF49B /* SDL_error.h */,
				1A471EAE254A256200FFF49B /* SDL_events.h */,
				1A471E79254A255F00FFF49B /* SDL_filesystem.h */,
				1A471E9C254A256100FFF49B /* SDL_gamecontroller.h */,
				1A471E77254A255F00FFF49B /* SDL_gesture.h */,
				1A471E72254A255F00FFF49B /* SDL_haptic.h */,
				1A471EAA254A256200FFF49B /* SDL_hints.h */,
				1A471E7A254A255F00FFF49B /* SDL_joystick.h */,
				1A471E75254A255F00FFF49B /* SDL_keyboard.h */,
				1A471E90254A256100FFF49B /* SDL_keycode.h */,
				1A471EA0254A256200FFF49B /* SDL_loadso.h */,
				1A471E74254A255F00FFF49B /* SDL_log.h */,
				1A471E93254A256100FFF49B /* SDL_main.h */,
				1A471E9A254A256100FFF49B /* SDL_messagebox.h */,
				1A471E84254A256000FFF49B /* SDL_metal.h */,
				1A471E8B254A256000FFF49B /* SDL_mouse.h */,
				1A471E8E254A256100FFF49B /* SDL_mutex.h */,
				1A471E91254A256100FFF49B /* SDL_name.h */,
				1A471E88254A256000FFF49B /* SDL_opengl_glext.h */,
				1A471E98254A256100FFF49B /* SDL_opengl.h */,
				1A471E85254A256000FFF49B /* SDL_opengles.h */,
				1A471E87254A256000FFF49B /* SDL_opengles2_gl2.h */,
				1A471E7B254A255F00FFF49B /* SDL_opengles2_gl2ext.h */,
				1A471E6D254A255E00FFF49B /* SDL_opengles2_gl2platform.h */,
				1A471E6A254A255E00FFF49B /* SDL_opengles2_khrplatform.h */,
				1A471E8D254A256100FFF49B /* SDL_opengles2.h */,
				1A471E7E254A255F00FFF49B /* SDL_pixels.h */,
				1A471EA9254A256200FFF49B /* SDL_platform.h */,
				1A471EAF254A256300FFF49B /* SDL_power.h */,
				1A471EAC254A256200FFF49B /* SDL_quit.h */,
				1A471E7C254A255F00FFF49B /* SDL_rect.h */,
				1A471E70254A255F00FFF49B /* SDL_render.h */,
				1A471E82254A256000FFF49B /* SDL_revision.h */,
				1A471E67254A255E00FFF49B /* SDL_rwops.h */,
				1A471E80254A256000FFF49B /* SDL_scancode.h */,
				1A471E81254A256000FFF49B /* SDL_sensor.h */,
				1A471E9E254A256200FFF49B /* SDL_shape.h */,
				1A471E68254A255E00FFF49B /* SDL_stdinc.h */,
				1A471EA1254A256200FFF49B /* SDL_surface.h */,
				1A471E83254A256000FFF49B /* SDL_system.h */,
				1A471E6C254A255E00FFF49B /* SDL_syswm.h */,
				1A471EA7254A256200FFF49B /* SDL_test_assert.h */,
				1A471E9B254A256100FFF49B /* SDL_test_common.h */,
				1A471E66254A255E00FFF49B /* SDL_test_compare.h */,
				1A471E95254A256100FFF49B /* SDL_test_crc32.h */,
				1A471E8A254A256000FFF49B /* SDL_test_font.h */,
				1A471E92254A256100FFF49B /* SDL_test_fuzzer.h */,
				1A471EAB254A256200FFF49B /* SDL_test_harness.h */,
				1A471E7F254A255F00FFF49B /* SDL_test_images.h */,
				1A471E6E254A255E00FFF49B /* SDL_test_log.h */,
				1A471E94254A256100FFF49B /* SDL_test_md5.h */,
				1A471EA8254A256200FFF49B /* SDL_test_memory.h */,
				1A471E9F254A256200FFF49B /* SDL_test_random.h */,
				1A471EAD254A256200FFF49B /* SDL_test.h */,
				1A471E96254A256100FFF49B /* SDL_thread.h */,
				1A471EA2254A256200FFF49B /* SDL_timer.h */,
				1A471E97254A256100FFF49B /* SDL_touch.h */,
				1A471EA3254A256200FFF49B /* SDL_types.h */,
				1A471EA4254A256200FFF49B /* SDL_version.h */,
				1A471E6B254A255E00FFF49B /* SDL_video.h */,
				1A471E73254A255F00FFF49B /* SDL_vulkan.h */,
				1A471E86254A256000FFF49B /* SDL.h */,
			);
			path = SDL2;
			sourceTree = "<group>";
		};
		1A471EFA254A264D00FFF49B /* Functions */ = {
			isa = PBXGroup;
			children = (
				1A471EFB254A265E00FFF49B /* Module.cpp */,
				1A471EFC254A265E00FFF49B /* Module.hpp */,
				1A471EFF254A266D00FFF49B /* Helpers.cpp */,
				1A471F00254A266D00FFF49B /* Helpers.hpp */,
			);
			path = Functions;
			sourceTree = "<group>";
		};
		1A471F04254B350D00FFF49B /* xorstr */ = {
			isa = PBXGroup;
			children = (
				1A471F05254B352E00FFF49B /* include */,
			);
			path = xorstr;
			sourceTree = "<group>";
		};
		1A471F05254B352E00FFF49B /* include */ = {
			isa = PBXGroup;
			children = (
				1AC8B1CA25BAF84C00F754B1 /* xorstr.h */,
			);
			path = include;
			sourceTree = "<group>";
		};
		1A471F08254B35C900FFF49B /* Menu */ = {
			isa = PBXGroup;
			children = (
				1AF384DB254CBE0D00336590 /* Design */,
				1A471F09254B35E900FFF49B /* MenuRenderer.cpp */,
				1A471F0A254B35E900FFF49B /* MenuRenderer.hpp */,
				1A77C52C25BDC50100BF3B0E /* Datas.h */,
			);
			path = Menu;
			sourceTree = "<group>";
		};
		1A7C4753254EE81900A58870 /* ValveSDK */ = {
			isa = PBXGroup;
			children = (
				1A42E92B25BC9640006BB177 /* Classes */,
				1A42E91725BC90BC006BB177 /* Interfaces */,
				1A42E92825BC9412006BB177 /* Others.h */,
				1A42E92C25BC965F006BB177 /* Color.h */,
				1A42E93525BC9A7B006BB177 /* ValveSDK.h */,
				1A42E93925BC9BDA006BB177 /* Vector.h */,
				1A42E93B25BC9C91006BB177 /* Offsets.cpp */,
				1A42E93C25BC9C91006BB177 /* Offsets.hpp */,
			);
			path = ValveSDK;
			sourceTree = "<group>";
		};
		1A7C4757254EE8C200A58870 /* GameHooker */ = {
			isa = PBXGroup;
			children = (
				1A7C4758254EE8D700A58870 /* GameHooker.cpp */,
				1A7C4759254EE8D700A58870 /* GameHooker.hpp */,
				1A7C4767254EEA4000A58870 /* Global.cpp */,
				1A7C4768254EEA4000A58870 /* Global.hpp */,
			);
			path = GameHooker;
			sourceTree = "<group>";
		};
		1A7C4766254EE9ED00A58870 /* Classes */ = {
			isa = PBXGroup;
			children = (
				1A7C479A254EF07700A58870 /* Utilities */,
				1A7C4795254EEE7F00A58870 /* Miscs */,
				1A7C4790254EEDB600A58870 /* Vector */,
			);
			path = Classes;
			sourceTree = "<group>";
		};
		1A7C4790254EEDB600A58870 /* Vector */ = {
			isa = PBXGroup;
			children = (
				1A7C4791254EEDC400A58870 /* Vector3D.h */,
				1A7C4792254EEDDE00A58870 /* Vector2D.h */,
				1A7C4794254EEDF500A58870 /* QAngle.h */,
			);
			path = Vector;
			sourceTree = "<group>";
		};
		1A7C4795254EEE7F00A58870 /* Miscs */ = {
			isa = PBXGroup;
			children = (
				1A7C4796254EEE8B00A58870 /* Others.h */,
				1A7C4797254EEE9C00A58870 /* Common.h */,
				1A7C4798254EEEB100A58870 /* Color.h */,
				1A7C4799254EEF7D00A58870 /* VMT.h */,
			);
			path = Miscs;
			sourceTree = "<group>";
		};
		1A7C479A254EF07700A58870 /* Utilities */ = {
			isa = PBXGroup;
			children = (
				1A7C47A0254EF0D100A58870 /* PatternScanner.cpp */,
				1A7C47A1254EF0D100A58870 /* PatternScanner.hpp */,
				1A42E92925BC9502006BB177 /* CommonFunctions.h */,
				1A42E94025BC9D07006BB177 /* NetVarManager.cpp */,
				1A42E94125BC9D07006BB177 /* NetVarManager.hpp */,
			);
			path = Utilities;
			sourceTree = "<group>";
		};
		1AC4B8FA254C905A0035B067 /* Classes */ = {
			isa = PBXGroup;
			children = (
				1AC4B8FB254C90740035B067 /* CheatSettings.h */,
				1A7C476C254EEB0100A58870 /* Headers.h */,
			);
			path = Classes;
			sourceTree = "<group>";
		};
		1AC8779125C750B200659F75 /* Assists */ = {
			isa = PBXGroup;
			children = (
			);
			path = Assists;
			sourceTree = "<group>";
		};
		1AF384DB254CBE0D00336590 /* Design */ = {
			isa = PBXGroup;
			children = (
				1AF384DC254CBE2400336590 /* CustomWidgets.cpp */,
				1AF384DD254CBE2400336590 /* CustomWidgets.hpp */,
			);
			path = Design;
			sourceTree = "<group>";
		};
		6A22195025BC48FE00F879B2 /* NSTouchBar */ = {
			isa = PBXGroup;
			children = (
				6A22195125BC491300F879B2 /* NSTouchBar.mm */,
				6A22195625BC492D00F879B2 /* NSTouchBar.h */,
			);
			path = NSTouchBar;
			sourceTree = "<group>";
		};
/* End PBXGroup section */

/* Begin PBXHeadersBuildPhase section */
		1A471E1B254A1CA400FFF49B /* Headers */ = {
			isa = PBXHeadersBuildPhase;
			buildActionMask = 2147483647;
			files = (
				1A471EDF254A256300FFF49B /* SDL_test_crc32.h in Headers */,
				1A471ED6254A256300FFF49B /* close_code.h in Headers */,
				1A471ED9254A256300FFF49B /* begin_code.h in Headers */,
				1A471EC2254A256300FFF49B /* SDL_audio.h in Headers */,
				1A518E5725C207150080F876 /* Visuals.hpp in Headers */,
				1A471EED254A256300FFF49B /* SDL_types.h in Headers */,
				1A471EF0254A256300FFF49B /* SDL_error.h in Headers */,
				1A471E4B254A1EBD00FFF49B /* imgui_impl_sdl.h in Headers */,
				1A471EBC254A256300FFF49B /* SDL_haptic.h in Headers */,
				1A42E91B25BC90D6006BB177 /* Interfaces.hpp in Headers */,
				1A471ECE254A256300FFF49B /* SDL_metal.h in Headers */,
				1A471EE9254A256300FFF49B /* SDL_test_random.h in Headers */,
				1A471EC4254A256300FFF49B /* SDL_joystick.h in Headers */,
				1A471EFE254A265E00FFF49B /* Module.hpp in Headers */,
				1A471ECC254A256300FFF49B /* SDL_revision.h in Headers */,
				1AC8B1CB25BAF84C00F754B1 /* xorstr.h in Headers */,
				1A471EBB254A256300FFF49B /* SDL_blendmode.h in Headers */,
				1A471E5A254A201100FFF49B /* MainHooker.hpp in Headers */,
				1A471EB1254A256300FFF49B /* SDL_rwops.h in Headers */,
				1A471EDB254A256300FFF49B /* SDL_name.h in Headers */,
				1A471EEB254A256300FFF49B /* SDL_surface.h in Headers */,
				1A471EDE254A256300FFF49B /* SDL_test_md5.h in Headers */,
				1A471EE2254A256300FFF49B /* SDL_opengl.h in Headers */,
				1A471EC8254A256300FFF49B /* SDL_pixels.h in Headers */,
				1A471E3E254A1D6000FFF49B /* imgui.h in Headers */,
				1A471ECA254A256300FFF49B /* SDL_scancode.h in Headers */,
				1A471EBE254A256300FFF49B /* SDL_log.h in Headers */,
				1A471E3D254A1D6000FFF49B /* imstb_rectpack.h in Headers */,
				1A471ED5254A256300FFF49B /* SDL_mouse.h in Headers */,
				1A471ED1254A256300FFF49B /* SDL_opengles2_gl2.h in Headers */,
				1A471E40254A1D6000FFF49B /* imgui_internal.h in Headers */,
				1A471EBA254A256300FFF49B /* SDL_render.h in Headers */,
				1A471ED8254A256300FFF49B /* SDL_mutex.h in Headers */,
				1A471EE4254A256300FFF49B /* SDL_messagebox.h in Headers */,
				1A471EE0254A256300FFF49B /* SDL_thread.h in Headers */,
				1A471ECB254A256300FFF49B /* SDL_sensor.h in Headers */,
				1A471EB9254A256300FFF49B /* SDL_bits.h in Headers */,
				1A471EE6254A256300FFF49B /* SDL_gamecontroller.h in Headers */,
				1A471EF7254A256300FFF49B /* SDL_test.h in Headers */,
				1A471E23254A1CA400FFF49B /* ButOSX.hpp in Headers */,
				1A471EC3254A256300FFF49B /* SDL_filesystem.h in Headers */,
				1A471ECD254A256300FFF49B /* SDL_system.h in Headers */,
				1A7C476A254EEA4000A58870 /* Global.hpp in Headers */,
				1A471EE7254A256300FFF49B /* SDL_atomic.h in Headers */,
				1A471ED0254A256300FFF49B /* SDL.h in Headers */,
				1A471EB3254A256300FFF49B /* SDL_clipboard.h in Headers */,
				1A471EC5254A256300FFF49B /* SDL_opengles2_gl2ext.h in Headers */,
				1A471EB0254A256300FFF49B /* SDL_test_compare.h in Headers */,
				1A471EB4254A256300FFF49B /* SDL_opengles2_khrplatform.h in Headers */,
				1A471EF3254A256300FFF49B /* SDL_platform.h in Headers */,
				1A471EDA254A256300FFF49B /* SDL_keycode.h in Headers */,
				1A471EB2254A256300FFF49B /* SDL_stdinc.h in Headers */,
				6A22195725BC492D00F879B2 /* NSTouchBar.h in Headers */,
				1A471EF4254A256300FFF49B /* SDL_hints.h in Headers */,
				1A471ED7254A256300FFF49B /* SDL_opengles2.h in Headers */,
				1A471EEA254A256300FFF49B /* SDL_loadso.h in Headers */,
				1A471EBD254A256300FFF49B /* SDL_vulkan.h in Headers */,
				1A7C47A3254EF0D100A58870 /* PatternScanner.hpp in Headers */,
				1A471EC0254A256300FFF49B /* SDL_endian.h in Headers */,
				1A471E48254A1EBD00FFF49B /* imgui_impl_opengl2.h in Headers */,
				1A471EB5254A256300FFF49B /* SDL_video.h in Headers */,
				1A471E3A254A1D6000FFF49B /* imconfig.h in Headers */,
				1A471E3C254A1D6000FFF49B /* imstb_truetype.h in Headers */,
				1A471EE1254A256300FFF49B /* SDL_touch.h in Headers */,
				1A471EB6254A256300FFF49B /* SDL_syswm.h in Headers */,
				1A471E39254A1D6000FFF49B /* imstb_textedit.h in Headers */,
				1A471F02254A266D00FFF49B /* Helpers.hpp in Headers */,
				1A471EE8254A256300FFF49B /* SDL_shape.h in Headers */,
				1A471ED4254A256300FFF49B /* SDL_test_font.h in Headers */,
				1A471EBF254A256300FFF49B /* SDL_keyboard.h in Headers */,
				1A471EC6254A256300FFF49B /* SDL_rect.h in Headers */,
				1A471E56254A1F3E00FFF49B /* OpenGLHooker.hpp in Headers */,
				1A471EE5254A256300FFF49B /* SDL_test_common.h in Headers */,
				1A471EEE254A256300FFF49B /* SDL_version.h in Headers */,
				1A471EF8254A256300FFF49B /* SDL_events.h in Headers */,
				1A471F0C254B35E900FFF49B /* MenuRenderer.hpp in Headers */,
				1A471EDD254A256300FFF49B /* SDL_main.h in Headers */,
				1A471EF1254A256300FFF49B /* SDL_test_assert.h in Headers */,
				1A471EDC254A256300FFF49B /* SDL_test_fuzzer.h in Headers */,
				1A471EE3254A256300FFF49B /* SDL_assert.h in Headers */,
				1A471EF2254A256300FFF49B /* SDL_test_memory.h in Headers */,
				1A471E4A254A1EBD00FFF49B /* imgui_impl_osx.h in Headers */,
				1A42E93E25BC9C91006BB177 /* Offsets.hpp in Headers */,
				1A42E94325BC9D07006BB177 /* NetVarManager.hpp in Headers */,
				1A471EB7254A256300FFF49B /* SDL_opengles2_gl2platform.h in Headers */,
				1A471ECF254A256300FFF49B /* SDL_opengles.h in Headers */,
				1A471EEC254A256300FFF49B /* SDL_timer.h in Headers */,
				1A471EF6254A256300FFF49B /* SDL_quit.h in Headers */,
				1A471EEF254A256300FFF49B /* SDL_egl.h in Headers */,
				1A471EF9254A256300FFF49B /* SDL_power.h in Headers */,
				1AF384DF254CBE2400336590 /* CustomWidgets.hpp in Headers */,
				1A471ED3254A256300FFF49B /* SDL_config.h in Headers */,
				1A471ED2254A256300FFF49B /* SDL_opengl_glext.h in Headers */,
				1A471EF5254A256300FFF49B /* SDL_test_harness.h in Headers */,
				1A471EC7254A256300FFF49B /* SDL_cpuinfo.h in Headers */,
				1A471EC1254A256300FFF49B /* SDL_gesture.h in Headers */,
				1A471EC9254A256300FFF49B /* SDL_test_images.h in Headers */,
				1A7C475B254EE8D700A58870 /* GameHooker.hpp in Headers */,
				1A471EB8254A256300FFF49B /* SDL_test_log.h in Headers */,
			);
			runOnlyForDeploymentPostprocessing = 0;
		};
/* End PBXHeadersBuildPhase section */

/* Begin PBXNativeTarget section */
		1A471E1E254A1CA400FFF49B /* ButOSX */ = {
			isa = PBXNativeTarget;
			buildConfigurationList = 1A471E2A254A1CA400FFF49B /* Build configuration list for PBXNativeTarget "ButOSX" */;
			buildPhases = (
				1A471E1B254A1CA400FFF49B /* Headers */,
				1A471E1C254A1CA400FFF49B /* Sources */,
				1A471E1D254A1CA400FFF49B /* Frameworks */,
			);
			buildRules = (
			);
			dependencies = (
			);
			name = ButOSX;
			productName = ButOSX;
			productReference = 1A471E1F254A1CA400FFF49B /* libButOSX.dylib */;
			productType = "com.apple.product-type.library.dynamic";
		};
/* End PBXNativeTarget section */

/* Begin PBXProject section */
		1A471E17254A1CA300FFF49B /* Project object */ = {
			isa = PBXProject;
			attributes = {
				LastUpgradeCheck = 1160;
				ORGANIZATIONNAME = VersteckteKrone;
				TargetAttributes = {
					1A471E1E254A1CA400FFF49B = {
						CreatedOnToolsVersion = 11.6;
					};
				};
			};
			buildConfigurationList = 1A471E1A254A1CA300FFF49B /* Build configuration list for PBXProject "ButOSX" */;
			compatibilityVersion = "Xcode 9.3";
			developmentRegion = en;
			hasScannedForEncodings = 0;
			knownRegions = (
				en,
				Base,
			);
			mainGroup = 1A471E16254A1CA300FFF49B;
			productRefGroup = 1A471E20254A1CA400FFF49B /* Products */;
			projectDirPath = "";
			projectRoot = "";
			targets = (
				1A471E1E254A1CA400FFF49B /* ButOSX */,
			);
		};
/* End PBXProject section */

/* Begin PBXSourcesBuildPhase section */
		1A471E1C254A1CA400FFF49B /* Sources */ = {
			isa = PBXSourcesBuildPhase;
			buildActionMask = 2147483647;
			files = (
				1AF384DE254CBE2400336590 /* CustomWidgets.cpp in Sources */,
				1A471E27254A1CA400FFF49B /* ButOSX.cpp in Sources */,
				1A471E49254A1EBD00FFF49B /* imgui_impl_sdl.cpp in Sources */,
				6A22195225BC491300F879B2 /* NSTouchBar.mm in Sources */,
				1A7C475A254EE8D700A58870 /* GameHooker.cpp in Sources */,
				1A471E3F254A1D6000FFF49B /* imgui.cpp in Sources */,
				1A42E94B25BCA3D6006BB177 /* ESP.cpp in Sources */,
				1A471F01254A266D00FFF49B /* Helpers.cpp in Sources */,
				1A518E5625C207150080F876 /* Visuals.cpp in Sources */,
				1A518E5125C206980080F876 /* Others.cpp in Sources */,
				1AC8B1D025BAF90F00F754B1 /* imgui_tables.cpp in Sources */,
				1A471E3B254A1D6000FFF49B /* imgui_widgets.cpp in Sources */,
				1A471E59254A201100FFF49B /* MainHooker.cpp in Sources */,
				1A471F0B254B35E900FFF49B /* MenuRenderer.cpp in Sources */,
				1A7C4769254EEA4000A58870 /* Global.cpp in Sources */,
				1A471E38254A1D6000FFF49B /* imgui_draw.cpp in Sources */,
				1A42E94225BC9D07006BB177 /* NetVarManager.cpp in Sources */,
				1A42E91A25BC90D6006BB177 /* Interfaces.cpp in Sources */,
				1A7C47A2254EF0D100A58870 /* PatternScanner.cpp in Sources */,
				1A471E55254A1F3E00FFF49B /* OpenGLHooker.cpp in Sources */,
				1A471EFD254A265E00FFF49B /* Module.cpp in Sources */,
				1A42E93D25BC9C91006BB177 /* Offsets.cpp in Sources */,
				1A471E4C254A1EBD00FFF49B /* imgui_impl_opengl2.cpp in Sources */,
			);
			runOnlyForDeploymentPostprocessing = 0;
		};
/* End PBXSourcesBuildPhase section */

/* Begin XCBuildConfiguration section */
		1A471E28254A1CA400FFF49B /* Debug */ = {
			isa = XCBuildConfiguration;
			buildSettings = {
				ALWAYS_SEARCH_USER_PATHS = NO;
				CLANG_ANALYZER_NONNULL = YES;
				CLANG_ANALYZER_NUMBER_OBJECT_CONVERSION = YES_AGGRESSIVE;
				CLANG_CXX_LANGUAGE_STANDARD = "gnu++14";
				CLANG_CXX_LIBRARY = "libc++";
				CLANG_ENABLE_MODULES = YES;
				CLANG_ENABLE_OBJC_ARC = YES;
				CLANG_ENABLE_OBJC_WEAK = YES;
				CLANG_WARN_BLOCK_CAPTURE_AUTORELEASING = YES;
				CLANG_WARN_BOOL_CONVERSION = YES;
				CLANG_WARN_COMMA = YES;
				CLANG_WARN_CONSTANT_CONVERSION = YES;
				CLANG_WARN_DEPRECATED_OBJC_IMPLEMENTATIONS = YES;
				CLANG_WARN_DIRECT_OBJC_ISA_USAGE = YES_ERROR;
				CLANG_WARN_DOCUMENTATION_COMMENTS = YES;
				CLANG_WARN_EMPTY_BODY = YES;
				CLANG_WARN_ENUM_CONVERSION = YES;
				CLANG_WARN_INFINITE_RECURSION = YES;
				CLANG_WARN_INT_CONVERSION = YES;
				CLANG_WARN_NON_LITERAL_NULL_CONVERSION = YES;
				CLANG_WARN_OBJC_IMPLICIT_RETAIN_SELF = YES;
				CLANG_WARN_OBJC_LITERAL_CONVERSION = YES;
				CLANG_WARN_OBJC_ROOT_CLASS = YES_ERROR;
				CLANG_WARN_RANGE_LOOP_ANALYSIS = YES;
				CLANG_WARN_STRICT_PROTOTYPES = YES;
				CLANG_WARN_SUSPICIOUS_MOVE = YES;
				CLANG_WARN_UNGUARDED_AVAILABILITY = YES_AGGRESSIVE;
				CLANG_WARN_UNREACHABLE_CODE = YES;
				CLANG_WARN__DUPLICATE_METHOD_MATCH = YES;
				COPY_PHASE_STRIP = NO;
				DEBUG_INFORMATION_FORMAT = dwarf;
				ENABLE_STRICT_OBJC_MSGSEND = YES;
				ENABLE_TESTABILITY = YES;
				GCC_C_LANGUAGE_STANDARD = gnu11;
				GCC_DYNAMIC_NO_PIC = NO;
				GCC_NO_COMMON_BLOCKS = YES;
				GCC_OPTIMIZATION_LEVEL = 0;
				GCC_PREPROCESSOR_DEFINITIONS = (
					"DEBUG=1",
					"$(inherited)",
				);
				GCC_WARN_64_TO_32_BIT_CONVERSION = YES;
				GCC_WARN_ABOUT_RETURN_TYPE = YES_ERROR;
				GCC_WARN_UNDECLARED_SELECTOR = YES;
				GCC_WARN_UNINITIALIZED_AUTOS = YES_AGGRESSIVE;
				GCC_WARN_UNUSED_FUNCTION = YES;
				GCC_WARN_UNUSED_VARIABLE = YES;
				MACOSX_DEPLOYMENT_TARGET = 10.15;
				MTL_ENABLE_DEBUG_INFO = INCLUDE_SOURCE;
				MTL_FAST_MATH = YES;
				ONLY_ACTIVE_ARCH = YES;
				SDKROOT = macosx;
			};
			name = Debug;
		};
		1A471E29254A1CA400FFF49B /* Release */ = {
			isa = XCBuildConfiguration;
			buildSettings = {
				ALWAYS_SEARCH_USER_PATHS = NO;
				CLANG_ANALYZER_NONNULL = YES;
				CLANG_ANALYZER_NUMBER_OBJECT_CONVERSION = YES_AGGRESSIVE;
				CLANG_CXX_LANGUAGE_STANDARD = "gnu++14";
				CLANG_CXX_LIBRARY = "libc++";
				CLANG_ENABLE_MODULES = YES;
				CLANG_ENABLE_OBJC_ARC = YES;
				CLANG_ENABLE_OBJC_WEAK = YES;
				CLANG_WARN_BLOCK_CAPTURE_AUTORELEASING = YES;
				CLANG_WARN_BOOL_CONVERSION = YES;
				CLANG_WARN_COMMA = YES;
				CLANG_WARN_CONSTANT_CONVERSION = YES;
				CLANG_WARN_DEPRECATED_OBJC_IMPLEMENTATIONS = YES;
				CLANG_WARN_DIRECT_OBJC_ISA_USAGE = YES_ERROR;
				CLANG_WARN_DOCUMENTATION_COMMENTS = YES;
				CLANG_WARN_EMPTY_BODY = YES;
				CLANG_WARN_ENUM_CONVERSION = YES;
				CLANG_WARN_INFINITE_RECURSION = YES;
				CLANG_WARN_INT_CONVERSION = YES;
				CLANG_WARN_NON_LITERAL_NULL_CONVERSION = YES;
				CLANG_WARN_OBJC_IMPLICIT_RETAIN_SELF = YES;
				CLANG_WARN_OBJC_LITERAL_CONVERSION = YES;
				CLANG_WARN_OBJC_ROOT_CLASS = YES_ERROR;
				CLANG_WARN_RANGE_LOOP_ANALYSIS = YES;
				CLANG_WARN_STRICT_PROTOTYPES = YES;
				CLANG_WARN_SUSPICIOUS_MOVE = YES;
				CLANG_WARN_UNGUARDED_AVAILABILITY = YES_AGGRESSIVE;
				CLANG_WARN_UNREACHABLE_CODE = YES;
				CLANG_WARN__DUPLICATE_METHOD_MATCH = YES;
				COPY_PHASE_STRIP = NO;
				DEBUG_INFORMATION_FORMAT = "dwarf-with-dsym";
				ENABLE_NS_ASSERTIONS = NO;
				ENABLE_STRICT_OBJC_MSGSEND = YES;
				GCC_C_LANGUAGE_STANDARD = gnu11;
				GCC_NO_COMMON_BLOCKS = YES;
				GCC_WARN_64_TO_32_BIT_CONVERSION = YES;
				GCC_WARN_ABOUT_RETURN_TYPE = YES_ERROR;
				GCC_WARN_UNDECLARED_SELECTOR = YES;
				GCC_WARN_UNINITIALIZED_AUTOS = YES_AGGRESSIVE;
				GCC_WARN_UNUSED_FUNCTION = YES;
				GCC_WARN_UNUSED_VARIABLE = YES;
				MACOSX_DEPLOYMENT_TARGET = 10.15;
				MTL_ENABLE_DEBUG_INFO = NO;
				MTL_FAST_MATH = YES;
				SDKROOT = macosx;
			};
			name = Release;
		};
		1A471E2B254A1CA400FFF49B /* Debug */ = {
			isa = XCBuildConfiguration;
			buildSettings = {
				CODE_SIGN_STYLE = Automatic;
				DYLIB_COMPATIBILITY_VERSION = 1;
				DYLIB_CURRENT_VERSION = 1;
				EXECUTABLE_PREFIX = lib;
				GCC_ENABLE_CPP_EXCEPTIONS = YES;
				GCC_ENABLE_CPP_RTTI = YES;
				GCC_SYMBOLS_PRIVATE_EXTERN = YES;
				PRODUCT_NAME = "$(TARGET_NAME)";
				SKIP_INSTALL = YES;
				SYSTEM_FRAMEWORK_SEARCH_PATHS = (
					"$(inherited)",
					"$(SYSTEM_LIBRARY_DIR)/PrivateFrameworks",
				);
			};
			name = Debug;
		};
		1A471E2C254A1CA400FFF49B /* Release */ = {
			isa = XCBuildConfiguration;
			buildSettings = {
				CODE_SIGN_STYLE = Automatic;
				DYLIB_COMPATIBILITY_VERSION = 1;
				DYLIB_CURRENT_VERSION = 1;
				EXECUTABLE_PREFIX = lib;
				GCC_ENABLE_CPP_EXCEPTIONS = YES;
				GCC_ENABLE_CPP_RTTI = YES;
				GCC_SYMBOLS_PRIVATE_EXTERN = YES;
				PRODUCT_NAME = "$(TARGET_NAME)";
				SKIP_INSTALL = YES;
				SYSTEM_FRAMEWORK_SEARCH_PATHS = (
					"$(inherited)",
					"$(SYSTEM_LIBRARY_DIR)/PrivateFrameworks",
				);
			};
			name = Release;
		};
/* End XCBuildConfiguration section */

/* Begin XCConfigurationList section */
		1A471E1A254A1CA300FFF49B /* Build configuration list for PBXProject "ButOSX" */ = {
			isa = XCConfigurationList;
			buildConfigurations = (
				1A471E28254A1CA400FFF49B /* Debug */,
				1A471E29254A1CA400FFF49B /* Release */,
			);
			defaultConfigurationIsVisible = 0;
			defaultConfigurationName = Release;
		};
		1A471E2A254A1CA400FFF49B /* Build configuration list for PBXNativeTarget "ButOSX" */ = {
			isa = XCConfigurationList;
			buildConfigurations = (
				1A471E2B254A1CA400FFF49B /* Debug */,
				1A471E2C254A1CA400FFF49B /* Release */,
			);
			defaultConfigurationIsVisible = 0;
			defaultConfigurationName = Release;
		};
/* End XCConfigurationList section */
	};
	rootObject = 1A471E17254A1CA300FFF49B /* Project object */;
}
